// !$*UTF8*$!
{
	archiveVersion = 1;
	classes = {
	};
	objectVersion = 56;
	objects = {

/* Begin PBXBuildFile section */
		3F03E4B72BDA0CEE003A8B4C /* hikeData.json in Resources */ = {isa = PBXBuildFile; fileRef = 3F03E4B62BDA0CEE003A8B4C /* hikeData.json */; };
		3F03E4B92BDA0D07003A8B4C /* Hike.swift in Sources */ = {isa = PBXBuildFile; fileRef = 3F03E4B82BDA0D07003A8B4C /* Hike.swift */; };
		3F03E4BF2BDA0E17003A8B4C /* GraphCapsule.swift in Sources */ = {isa = PBXBuildFile; fileRef = 3F03E4BA2BDA0E17003A8B4C /* GraphCapsule.swift */; };
		3F03E4C02BDA0E17003A8B4C /* HikeDetail.swift in Sources */ = {isa = PBXBuildFile; fileRef = 3F03E4BB2BDA0E17003A8B4C /* HikeDetail.swift */; };
		3F03E4C12BDA0E17003A8B4C /* HikeGraph.swift in Sources */ = {isa = PBXBuildFile; fileRef = 3F03E4BC2BDA0E17003A8B4C /* HikeGraph.swift */; };
		3F03E4C22BDA0E17003A8B4C /* HikeView.swift in Sources */ = {isa = PBXBuildFile; fileRef = 3F03E4BD2BDA0E17003A8B4C /* HikeView.swift */; };
		3F03E4C42BDA1361003A8B4C /* CategoryHome.swift in Sources */ = {isa = PBXBuildFile; fileRef = 3F03E4C32BDA1361003A8B4C /* CategoryHome.swift */; };
		3F03E4C62BDA158C003A8B4C /* CategoryRow.swift in Sources */ = {isa = PBXBuildFile; fileRef = 3F03E4C52BDA158C003A8B4C /* CategoryRow.swift */; };
		3F03E4C92BDA1748003A8B4C /* CategoryItem.swift in Sources */ = {isa = PBXBuildFile; fileRef = 3F03E4C82BDA1748003A8B4C /* CategoryItem.swift */; };
		3F03E4CD2BDA1E12003A8B4C /* Profile.swift in Sources */ = {isa = PBXBuildFile; fileRef = 3F03E4CC2BDA1E12003A8B4C /* Profile.swift */; };
		3F03E4D02BDA1F03003A8B4C /* ProfileHost.swift in Sources */ = {isa = PBXBuildFile; fileRef = 3F03E4CF2BDA1F03003A8B4C /* ProfileHost.swift */; };
		3F03E4D22BDA1F68003A8B4C /* ProfileSummary.swift in Sources */ = {isa = PBXBuildFile; fileRef = 3F03E4D12BDA1F68003A8B4C /* ProfileSummary.swift */; };
		3F03E4D42BDA2243003A8B4C /* HikeBadge.swift in Sources */ = {isa = PBXBuildFile; fileRef = 3F03E4D32BDA2243003A8B4C /* HikeBadge.swift */; };
		3F03E4D62BDA2629003A8B4C /* ProfileEditor.swift in Sources */ = {isa = PBXBuildFile; fileRef = 3F03E4D52BDA2629003A8B4C /* ProfileEditor.swift */; };
		3F03E4D92BDA2DA5003A8B4C /* PageViewController.swift in Sources */ = {isa = PBXBuildFile; fileRef = 3F03E4D82BDA2DA5003A8B4C /* PageViewController.swift */; };
		3F03E4DB2BDA3027003A8B4C /* FeatureCard.swift in Sources */ = {isa = PBXBuildFile; fileRef = 3F03E4DA2BDA3027003A8B4C /* FeatureCard.swift */; };
		3F1CA9962BE356AE0061E186 /* PageView.swift in Sources */ = {isa = PBXBuildFile; fileRef = 3F1CA9952BE356AE0061E186 /* PageView.swift */; };
		3F1CA9992BE35B1C0061E186 /* PageControl.swift in Sources */ = {isa = PBXBuildFile; fileRef = 3F1CA9982BE35B1C0061E186 /* PageControl.swift */; };
		3F1CA9DB2BE35F390061E186 /* ContentView.swift in Sources */ = {isa = PBXBuildFile; fileRef = 3F1CA9DA2BE35F390061E186 /* ContentView.swift */; };
		3F1CA9DD2BE35F3A0061E186 /* Assets.xcassets in Resources */ = {isa = PBXBuildFile; fileRef = 3F1CA9DC2BE35F3A0061E186 /* Assets.xcassets */; };
		3F1CA9E02BE35F3A0061E186 /* Preview Assets.xcassets in Resources */ = {isa = PBXBuildFile; fileRef = 3F1CA9DF2BE35F3A0061E186 /* Preview Assets.xcassets */; };
		3F1CA9EA2BE35F3A0061E186 /* WatchLandmarks_Watch_AppTests.swift in Sources */ = {isa = PBXBuildFile; fileRef = 3F1CA9E92BE35F3A0061E186 /* WatchLandmarks_Watch_AppTests.swift */; };
		3F1CA9F42BE35F3A0061E186 /* WatchLandmarks_Watch_AppUITests.swift in Sources */ = {isa = PBXBuildFile; fileRef = 3F1CA9F32BE35F3A0061E186 /* WatchLandmarks_Watch_AppUITests.swift */; };
		3F1CA9F62BE35F3A0061E186 /* WatchLandmarks_Watch_AppUITestsLaunchTests.swift in Sources */ = {isa = PBXBuildFile; fileRef = 3F1CA9F52BE35F3A0061E186 /* WatchLandmarks_Watch_AppUITestsLaunchTests.swift */; };
		3F1CA9F92BE35F3A0061E186 /* WatchLandmarks Watch App.app in Embed Watch Content */ = {isa = PBXBuildFile; fileRef = 3F1CA9D62BE35F390061E186 /* WatchLandmarks Watch App.app */; settings = {ATTRIBUTES = (RemoveHeadersOnCopy, ); }; };
		3F1CAA042BE361780061E186 /* Hike.swift in Sources */ = {isa = PBXBuildFile; fileRef = 3F03E4B82BDA0D07003A8B4C /* Hike.swift */; };
		3F1CAA052BE361780061E186 /* MapView.swift in Sources */ = {isa = PBXBuildFile; fileRef = 3F40D25C2BD0E50F00F0572E /* MapView.swift */; };
		3F1CAA062BE361780061E186 /* LandmarksApp.swift in Sources */ = {isa = PBXBuildFile; fileRef = 3F40D2302BD0D8C200F0572E /* LandmarksApp.swift */; };
		3F1CAA082BE361780061E186 /* LandmarkRow.swift in Sources */ = {isa = PBXBuildFile; fileRef = 3F40D2672BD0EFF400F0572E /* LandmarkRow.swift */; };
		3F1CAA092BE361780061E186 /* Landmark.swift in Sources */ = {isa = PBXBuildFile; fileRef = 3F40D2602BD0EA3500F0572E /* Landmark.swift */; };
		3F1CAA0A2BE361780061E186 /* Profile.swift in Sources */ = {isa = PBXBuildFile; fileRef = 3F03E4CC2BDA1E12003A8B4C /* Profile.swift */; };
		3F1CAA0B2BE361780061E186 /* CircleImage.swift in Sources */ = {isa = PBXBuildFile; fileRef = 3F40D25A2BD0E3FB00F0572E /* CircleImage.swift */; };
		3F1CAA0C2BE361780061E186 /* ModelData.swift in Sources */ = {isa = PBXBuildFile; fileRef = 3F40D2622BD0ED5F00F0572E /* ModelData.swift */; };
		3F1CAA0D2BE361780061E186 /* landmarkData.json in Resources */ = {isa = PBXBuildFile; fileRef = 3F40D25E2BD0EA1C00F0572E /* landmarkData.json */; };
		3F1CAA0E2BE361780061E186 /* hikeData.json in Resources */ = {isa = PBXBuildFile; fileRef = 3F03E4B62BDA0CEE003A8B4C /* hikeData.json */; };
		3F1CAA0F2BE361780061E186 /* Assets.xcassets in Resources */ = {isa = PBXBuildFile; fileRef = 3F40D2342BD0D8C300F0572E /* Assets.xcassets */; };
		3F1CAA112BE362490061E186 /* LandmarkDetail.swift in Sources */ = {isa = PBXBuildFile; fileRef = 3F1CAA102BE362490061E186 /* LandmarkDetail.swift */; };
		3F1CAA132BE364080061E186 /* NotificationView.swift in Sources */ = {isa = PBXBuildFile; fileRef = 3F1CAA122BE364080061E186 /* NotificationView.swift */; };
		3F1CAA152BE3643A0061E186 /* NotificationController.swift in Sources */ = {isa = PBXBuildFile; fileRef = 3F1CAA142BE3643A0061E186 /* NotificationController.swift */; };
		3F40D2312BD0D8C200F0572E /* LandmarksApp.swift in Sources */ = {isa = PBXBuildFile; fileRef = 3F40D2302BD0D8C200F0572E /* LandmarksApp.swift */; };
		3F40D2332BD0D8C200F0572E /* ContentView.swift in Sources */ = {isa = PBXBuildFile; fileRef = 3F40D2322BD0D8C200F0572E /* ContentView.swift */; };
		3F40D2352BD0D8C300F0572E /* Assets.xcassets in Resources */ = {isa = PBXBuildFile; fileRef = 3F40D2342BD0D8C300F0572E /* Assets.xcassets */; };
		3F40D2422BD0D8C300F0572E /* LandmarksTests.swift in Sources */ = {isa = PBXBuildFile; fileRef = 3F40D2412BD0D8C300F0572E /* LandmarksTests.swift */; };
		3F40D24C2BD0D8C300F0572E /* LandmarksUITests.swift in Sources */ = {isa = PBXBuildFile; fileRef = 3F40D24B2BD0D8C300F0572E /* LandmarksUITests.swift */; };
		3F40D24E2BD0D8C300F0572E /* LandmarksUITestsLaunchTests.swift in Sources */ = {isa = PBXBuildFile; fileRef = 3F40D24D2BD0D8C300F0572E /* LandmarksUITestsLaunchTests.swift */; };
		3F40D25B2BD0E3FB00F0572E /* CircleImage.swift in Sources */ = {isa = PBXBuildFile; fileRef = 3F40D25A2BD0E3FB00F0572E /* CircleImage.swift */; };
		3F40D25D2BD0E50F00F0572E /* MapView.swift in Sources */ = {isa = PBXBuildFile; fileRef = 3F40D25C2BD0E50F00F0572E /* MapView.swift */; };
		3F40D25F2BD0EA1C00F0572E /* landmarkData.json in Resources */ = {isa = PBXBuildFile; fileRef = 3F40D25E2BD0EA1C00F0572E /* landmarkData.json */; };
		3F40D2612BD0EA3500F0572E /* Landmark.swift in Sources */ = {isa = PBXBuildFile; fileRef = 3F40D2602BD0EA3500F0572E /* Landmark.swift */; };
		3F40D2632BD0ED5F00F0572E /* ModelData.swift in Sources */ = {isa = PBXBuildFile; fileRef = 3F40D2622BD0ED5F00F0572E /* ModelData.swift */; };
		3F40D2682BD0EFF400F0572E /* LandmarkRow.swift in Sources */ = {isa = PBXBuildFile; fileRef = 3F40D2672BD0EFF400F0572E /* LandmarkRow.swift */; };
		3F6147A42BD1F96E00D65463 /* LandmarkList.swift in Sources */ = {isa = PBXBuildFile; fileRef = 3F6147A32BD1F96E00D65463 /* LandmarkList.swift */; };
		3F6147A62BD1FB5E00D65463 /* LandmarkDetail.swift in Sources */ = {isa = PBXBuildFile; fileRef = 3F6147A52BD1FB5E00D65463 /* LandmarkDetail.swift */; };
		3F6147A82BD20BB100D65463 /* FavoriteButton.swift in Sources */ = {isa = PBXBuildFile; fileRef = 3F6147A72BD20BB100D65463 /* FavoriteButton.swift */; };
		3F6147AC2BD2145200D65463 /* HexagonParameters.swift in Sources */ = {isa = PBXBuildFile; fileRef = 3F6147AB2BD2145200D65463 /* HexagonParameters.swift */; };
		3F6147AE2BD215D300D65463 /* BadgeBackground.swift in Sources */ = {isa = PBXBuildFile; fileRef = 3F6147AD2BD215D300D65463 /* BadgeBackground.swift */; };
		3F6147B02BD21BE400D65463 /* BadgeSymbol.swift in Sources */ = {isa = PBXBuildFile; fileRef = 3F6147AF2BD21BE400D65463 /* BadgeSymbol.swift */; };
		3F6147B22BD21CD200D65463 /* RotatedBadgeSymbol.swift in Sources */ = {isa = PBXBuildFile; fileRef = 3F6147B12BD21CD200D65463 /* RotatedBadgeSymbol.swift */; };
		3F6147B42BD21D5100D65463 /* Badge.swift in Sources */ = {isa = PBXBuildFile; fileRef = 3F6147B32BD21D5100D65463 /* Badge.swift */; };
		3FE0FE522BE46D39007E9780 /* ContentView.swift in Sources */ = {isa = PBXBuildFile; fileRef = 3FE0FE512BE46D39007E9780 /* ContentView.swift */; };
		3FE0FE542BE46D3B007E9780 /* Assets.xcassets in Resources */ = {isa = PBXBuildFile; fileRef = 3FE0FE532BE46D3B007E9780 /* Assets.xcassets */; };
		3FE0FE572BE46D3B007E9780 /* Preview Assets.xcassets in Resources */ = {isa = PBXBuildFile; fileRef = 3FE0FE562BE46D3B007E9780 /* Preview Assets.xcassets */; };
		3FE0FE622BE46D3B007E9780 /* MacLandmarksTests.swift in Sources */ = {isa = PBXBuildFile; fileRef = 3FE0FE612BE46D3B007E9780 /* MacLandmarksTests.swift */; };
		3FE0FE6C2BE46D3B007E9780 /* MacLandmarksUITests.swift in Sources */ = {isa = PBXBuildFile; fileRef = 3FE0FE6B2BE46D3B007E9780 /* MacLandmarksUITests.swift */; };
		3FE0FE6E2BE46D3B007E9780 /* MacLandmarksUITestsLaunchTests.swift in Sources */ = {isa = PBXBuildFile; fileRef = 3FE0FE6D2BE46D3B007E9780 /* MacLandmarksUITestsLaunchTests.swift */; };
		3FE0FE782BE46DD5007E9780 /* Hike.swift in Sources */ = {isa = PBXBuildFile; fileRef = 3F03E4B82BDA0D07003A8B4C /* Hike.swift */; };
		3FE0FE792BE46DD5007E9780 /* LandmarkRow.swift in Sources */ = {isa = PBXBuildFile; fileRef = 3F40D2672BD0EFF400F0572E /* LandmarkRow.swift */; };
		3FE0FE7A2BE46DD5007E9780 /* Landmark.swift in Sources */ = {isa = PBXBuildFile; fileRef = 3F40D2602BD0EA3500F0572E /* Landmark.swift */; };
		3FE0FE7B2BE46DD5007E9780 /* CircleImage.swift in Sources */ = {isa = PBXBuildFile; fileRef = 3F40D25A2BD0E3FB00F0572E /* CircleImage.swift */; };
		3FE0FE7C2BE46DD5007E9780 /* LandmarksApp.swift in Sources */ = {isa = PBXBuildFile; fileRef = 3F40D2302BD0D8C200F0572E /* LandmarksApp.swift */; };
		3FE0FE7D2BE46DD5007E9780 /* Profile.swift in Sources */ = {isa = PBXBuildFile; fileRef = 3F03E4CC2BDA1E12003A8B4C /* Profile.swift */; };
		3FE0FE7E2BE46DD5007E9780 /* MapView.swift in Sources */ = {isa = PBXBuildFile; fileRef = 3F40D25C2BD0E50F00F0572E /* MapView.swift */; };
		3FE0FE7F2BE46DD5007E9780 /* FavoriteButton.swift in Sources */ = {isa = PBXBuildFile; fileRef = 3F6147A72BD20BB100D65463 /* FavoriteButton.swift */; };
		3FE0FE812BE46DD5007E9780 /* ModelData.swift in Sources */ = {isa = PBXBuildFile; fileRef = 3F40D2622BD0ED5F00F0572E /* ModelData.swift */; };
		3FE0FE822BE46DD5007E9780 /* landmarkData.json in Resources */ = {isa = PBXBuildFile; fileRef = 3F40D25E2BD0EA1C00F0572E /* landmarkData.json */; };
		3FE0FE832BE46DD5007E9780 /* Assets.xcassets in Resources */ = {isa = PBXBuildFile; fileRef = 3F40D2342BD0D8C300F0572E /* Assets.xcassets */; };
		3FE0FE842BE46DD5007E9780 /* hikeData.json in Resources */ = {isa = PBXBuildFile; fileRef = 3F03E4B62BDA0CEE003A8B4C /* hikeData.json */; };
		3FE0FE862BE46F94007E9780 /* LandmarkDetail.swift in Sources */ = {isa = PBXBuildFile; fileRef = 3FE0FE852BE46F94007E9780 /* LandmarkDetail.swift */; };
		3FE0FE8A2BE47471007E9780 /* LandmarkList.swift in Sources */ = {isa = PBXBuildFile; fileRef = 3FE0FE892BE47471007E9780 /* LandmarkList.swift */; };
		3FE0FE8B2BE474FA007E9780 /* LandmarkList.swift in Sources */ = {isa = PBXBuildFile; fileRef = 3F6147A32BD1F96E00D65463 /* LandmarkList.swift */; };
		3FE0FE8D2BE4785D007E9780 /* LandmarkCommands.swift in Sources */ = {isa = PBXBuildFile; fileRef = 3FE0FE8C2BE4785D007E9780 /* LandmarkCommands.swift */; };
		3FE0FE8E2BE4785D007E9780 /* LandmarkCommands.swift in Sources */ = {isa = PBXBuildFile; fileRef = 3FE0FE8C2BE4785D007E9780 /* LandmarkCommands.swift */; };
		3FE0FE902BE47C1A007E9780 /* LandmarkSettings.swift in Sources */ = {isa = PBXBuildFile; fileRef = 3FE0FE8F2BE47C1A007E9780 /* LandmarkSettings.swift */; };
		3FE0FE912BE47C1A007E9780 /* LandmarkSettings.swift in Sources */ = {isa = PBXBuildFile; fileRef = 3FE0FE8F2BE47C1A007E9780 /* LandmarkSettings.swift */; };
/* End PBXBuildFile section */

/* Begin PBXContainerItemProxy section */
		3F1CA9E62BE35F3A0061E186 /* PBXContainerItemProxy */ = {
			isa = PBXContainerItemProxy;
			containerPortal = 3F40D2252BD0D8C200F0572E /* Project object */;
			proxyType = 1;
			remoteGlobalIDString = 3F1CA9D52BE35F390061E186;
			remoteInfo = "WatchLandmarks Watch App";
		};
		3F1CA9F02BE35F3A0061E186 /* PBXContainerItemProxy */ = {
			isa = PBXContainerItemProxy;
			containerPortal = 3F40D2252BD0D8C200F0572E /* Project object */;
			proxyType = 1;
			remoteGlobalIDString = 3F1CA9D52BE35F390061E186;
			remoteInfo = "WatchLandmarks Watch App";
		};
		3F1CA9F72BE35F3A0061E186 /* PBXContainerItemProxy */ = {
			isa = PBXContainerItemProxy;
			containerPortal = 3F40D2252BD0D8C200F0572E /* Project object */;
			proxyType = 1;
			remoteGlobalIDString = 3F1CA9D52BE35F390061E186;
			remoteInfo = "WatchLandmarks Watch App";
		};
		3F40D23E2BD0D8C300F0572E /* PBXContainerItemProxy */ = {
			isa = PBXContainerItemProxy;
			containerPortal = 3F40D2252BD0D8C200F0572E /* Project object */;
			proxyType = 1;
			remoteGlobalIDString = 3F40D22C2BD0D8C200F0572E;
			remoteInfo = Landmarks;
		};
		3F40D2482BD0D8C300F0572E /* PBXContainerItemProxy */ = {
			isa = PBXContainerItemProxy;
			containerPortal = 3F40D2252BD0D8C200F0572E /* Project object */;
			proxyType = 1;
			remoteGlobalIDString = 3F40D22C2BD0D8C200F0572E;
			remoteInfo = Landmarks;
		};
		3FE0FE5E2BE46D3B007E9780 /* PBXContainerItemProxy */ = {
			isa = PBXContainerItemProxy;
			containerPortal = 3F40D2252BD0D8C200F0572E /* Project object */;
			proxyType = 1;
			remoteGlobalIDString = 3FE0FE4C2BE46D39007E9780;
			remoteInfo = MacLandmarks;
		};
		3FE0FE682BE46D3B007E9780 /* PBXContainerItemProxy */ = {
			isa = PBXContainerItemProxy;
			containerPortal = 3F40D2252BD0D8C200F0572E /* Project object */;
			proxyType = 1;
			remoteGlobalIDString = 3FE0FE4C2BE46D39007E9780;
			remoteInfo = MacLandmarks;
		};
/* End PBXContainerItemProxy section */

/* Begin PBXCopyFilesBuildPhase section */
		3F1CA9FD2BE35F3A0061E186 /* Embed Watch Content */ = {
			isa = PBXCopyFilesBuildPhase;
			buildActionMask = 2147483647;
			dstPath = "$(CONTENTS_FOLDER_PATH)/Watch";
			dstSubfolderSpec = 16;
			files = (
				3F1CA9F92BE35F3A0061E186 /* WatchLandmarks Watch App.app in Embed Watch Content */,
			);
			name = "Embed Watch Content";
			runOnlyForDeploymentPostprocessing = 0;
		};
/* End PBXCopyFilesBuildPhase section */

/* Begin PBXFileReference section */
		3F03E4B62BDA0CEE003A8B4C /* hikeData.json */ = {isa = PBXFileReference; fileEncoding = 4; lastKnownFileType = text.json; path = hikeData.json; sourceTree = "<group>"; };
		3F03E4B82BDA0D07003A8B4C /* Hike.swift */ = {isa = PBXFileReference; lastKnownFileType = sourcecode.swift; path = Hike.swift; sourceTree = "<group>"; };
		3F03E4BA2BDA0E17003A8B4C /* GraphCapsule.swift */ = {isa = PBXFileReference; fileEncoding = 4; lastKnownFileType = sourcecode.swift; path = GraphCapsule.swift; sourceTree = "<group>"; };
		3F03E4BB2BDA0E17003A8B4C /* HikeDetail.swift */ = {isa = PBXFileReference; fileEncoding = 4; lastKnownFileType = sourcecode.swift; path = HikeDetail.swift; sourceTree = "<group>"; };
		3F03E4BC2BDA0E17003A8B4C /* HikeGraph.swift */ = {isa = PBXFileReference; fileEncoding = 4; lastKnownFileType = sourcecode.swift; path = HikeGraph.swift; sourceTree = "<group>"; };
		3F03E4BD2BDA0E17003A8B4C /* HikeView.swift */ = {isa = PBXFileReference; fileEncoding = 4; lastKnownFileType = sourcecode.swift; path = HikeView.swift; sourceTree = "<group>"; };
		3F03E4C32BDA1361003A8B4C /* CategoryHome.swift */ = {isa = PBXFileReference; lastKnownFileType = sourcecode.swift; path = CategoryHome.swift; sourceTree = "<group>"; };
		3F03E4C52BDA158C003A8B4C /* CategoryRow.swift */ = {isa = PBXFileReference; lastKnownFileType = sourcecode.swift; path = CategoryRow.swift; sourceTree = "<group>"; };
		3F03E4C82BDA1748003A8B4C /* CategoryItem.swift */ = {isa = PBXFileReference; lastKnownFileType = sourcecode.swift; path = CategoryItem.swift; sourceTree = "<group>"; };
		3F03E4CC2BDA1E12003A8B4C /* Profile.swift */ = {isa = PBXFileReference; lastKnownFileType = sourcecode.swift; path = Profile.swift; sourceTree = "<group>"; };
		3F03E4CF2BDA1F03003A8B4C /* ProfileHost.swift */ = {isa = PBXFileReference; lastKnownFileType = sourcecode.swift; path = ProfileHost.swift; sourceTree = "<group>"; };
		3F03E4D12BDA1F68003A8B4C /* ProfileSummary.swift */ = {isa = PBXFileReference; lastKnownFileType = sourcecode.swift; path = ProfileSummary.swift; sourceTree = "<group>"; };
		3F03E4D32BDA2243003A8B4C /* HikeBadge.swift */ = {isa = PBXFileReference; lastKnownFileType = sourcecode.swift; path = HikeBadge.swift; sourceTree = "<group>"; };
		3F03E4D52BDA2629003A8B4C /* ProfileEditor.swift */ = {isa = PBXFileReference; lastKnownFileType = sourcecode.swift; path = ProfileEditor.swift; sourceTree = "<group>"; };
		3F03E4D82BDA2DA5003A8B4C /* PageViewController.swift */ = {isa = PBXFileReference; lastKnownFileType = sourcecode.swift; path = PageViewController.swift; sourceTree = "<group>"; };
		3F03E4DA2BDA3027003A8B4C /* FeatureCard.swift */ = {isa = PBXFileReference; lastKnownFileType = sourcecode.swift; path = FeatureCard.swift; sourceTree = "<group>"; };
		3F1CA9952BE356AE0061E186 /* PageView.swift */ = {isa = PBXFileReference; lastKnownFileType = sourcecode.swift; path = PageView.swift; sourceTree = "<group>"; };
		3F1CA9982BE35B1C0061E186 /* PageControl.swift */ = {isa = PBXFileReference; lastKnownFileType = sourcecode.swift; path = PageControl.swift; sourceTree = "<group>"; };
		3F1CA9D62BE35F390061E186 /* WatchLandmarks Watch App.app */ = {isa = PBXFileReference; explicitFileType = wrapper.application; includeInIndex = 0; path = "WatchLandmarks Watch App.app"; sourceTree = BUILT_PRODUCTS_DIR; };
		3F1CA9DA2BE35F390061E186 /* ContentView.swift */ = {isa = PBXFileReference; lastKnownFileType = sourcecode.swift; path = ContentView.swift; sourceTree = "<group>"; };
		3F1CA9DC2BE35F3A0061E186 /* Assets.xcassets */ = {isa = PBXFileReference; lastKnownFileType = folder.assetcatalog; path = Assets.xcassets; sourceTree = "<group>"; };
		3F1CA9DF2BE35F3A0061E186 /* Preview Assets.xcassets */ = {isa = PBXFileReference; lastKnownFileType = folder.assetcatalog; path = "Preview Assets.xcassets"; sourceTree = "<group>"; };
		3F1CA9E52BE35F3A0061E186 /* WatchLandmarks Watch AppTests.xctest */ = {isa = PBXFileReference; explicitFileType = wrapper.cfbundle; includeInIndex = 0; path = "WatchLandmarks Watch AppTests.xctest"; sourceTree = BUILT_PRODUCTS_DIR; };
		3F1CA9E92BE35F3A0061E186 /* WatchLandmarks_Watch_AppTests.swift */ = {isa = PBXFileReference; lastKnownFileType = sourcecode.swift; path = WatchLandmarks_Watch_AppTests.swift; sourceTree = "<group>"; };
		3F1CA9EF2BE35F3A0061E186 /* WatchLandmarks Watch AppUITests.xctest */ = {isa = PBXFileReference; explicitFileType = wrapper.cfbundle; includeInIndex = 0; path = "WatchLandmarks Watch AppUITests.xctest"; sourceTree = BUILT_PRODUCTS_DIR; };
		3F1CA9F32BE35F3A0061E186 /* WatchLandmarks_Watch_AppUITests.swift */ = {isa = PBXFileReference; lastKnownFileType = sourcecode.swift; path = WatchLandmarks_Watch_AppUITests.swift; sourceTree = "<group>"; };
		3F1CA9F52BE35F3A0061E186 /* WatchLandmarks_Watch_AppUITestsLaunchTests.swift */ = {isa = PBXFileReference; lastKnownFileType = sourcecode.swift; path = WatchLandmarks_Watch_AppUITestsLaunchTests.swift; sourceTree = "<group>"; };
		3F1CAA102BE362490061E186 /* LandmarkDetail.swift */ = {isa = PBXFileReference; lastKnownFileType = sourcecode.swift; path = LandmarkDetail.swift; sourceTree = "<group>"; };
		3F1CAA122BE364080061E186 /* NotificationView.swift */ = {isa = PBXFileReference; lastKnownFileType = sourcecode.swift; path = NotificationView.swift; sourceTree = "<group>"; };
		3F1CAA142BE3643A0061E186 /* NotificationController.swift */ = {isa = PBXFileReference; lastKnownFileType = sourcecode.swift; path = NotificationController.swift; sourceTree = "<group>"; };
		3F1CAA162BE3652C0061E186 /* PushNotificationPayload.apns */ = {isa = PBXFileReference; lastKnownFileType = text; path = PushNotificationPayload.apns; sourceTree = "<group>"; };
		3F40D22D2BD0D8C200F0572E /* Landmarks.app */ = {isa = PBXFileReference; explicitFileType = wrapper.application; includeInIndex = 0; path = Landmarks.app; sourceTree = BUILT_PRODUCTS_DIR; };
		3F40D2302BD0D8C200F0572E /* LandmarksApp.swift */ = {isa = PBXFileReference; lastKnownFileType = sourcecode.swift; path = LandmarksApp.swift; sourceTree = "<group>"; };
		3F40D2322BD0D8C200F0572E /* ContentView.swift */ = {isa = PBXFileReference; lastKnownFileType = sourcecode.swift; path = ContentView.swift; sourceTree = "<group>"; };
		3F40D2342BD0D8C300F0572E /* Assets.xcassets */ = {isa = PBXFileReference; lastKnownFileType = folder.assetcatalog; path = Assets.xcassets; sourceTree = "<group>"; };
		3F40D23D2BD0D8C300F0572E /* LandmarksTests.xctest */ = {isa = PBXFileReference; explicitFileType = wrapper.cfbundle; includeInIndex = 0; path = LandmarksTests.xctest; sourceTree = BUILT_PRODUCTS_DIR; };
		3F40D2412BD0D8C300F0572E /* LandmarksTests.swift */ = {isa = PBXFileReference; lastKnownFileType = sourcecode.swift; path = LandmarksTests.swift; sourceTree = "<group>"; };
		3F40D2472BD0D8C300F0572E /* LandmarksUITests.xctest */ = {isa = PBXFileReference; explicitFileType = wrapper.cfbundle; includeInIndex = 0; path = LandmarksUITests.xctest; sourceTree = BUILT_PRODUCTS_DIR; };
		3F40D24B2BD0D8C300F0572E /* LandmarksUITests.swift */ = {isa = PBXFileReference; lastKnownFileType = sourcecode.swift; path = LandmarksUITests.swift; sourceTree = "<group>"; };
		3F40D24D2BD0D8C300F0572E /* LandmarksUITestsLaunchTests.swift */ = {isa = PBXFileReference; lastKnownFileType = sourcecode.swift; path = LandmarksUITestsLaunchTests.swift; sourceTree = "<group>"; };
		3F40D25A2BD0E3FB00F0572E /* CircleImage.swift */ = {isa = PBXFileReference; lastKnownFileType = sourcecode.swift; path = CircleImage.swift; sourceTree = "<group>"; };
		3F40D25C2BD0E50F00F0572E /* MapView.swift */ = {isa = PBXFileReference; lastKnownFileType = sourcecode.swift; path = MapView.swift; sourceTree = "<group>"; };
		3F40D25E2BD0EA1C00F0572E /* landmarkData.json */ = {isa = PBXFileReference; fileEncoding = 4; lastKnownFileType = text.json; path = landmarkData.json; sourceTree = "<group>"; };
		3F40D2602BD0EA3500F0572E /* Landmark.swift */ = {isa = PBXFileReference; lastKnownFileType = sourcecode.swift; path = Landmark.swift; sourceTree = "<group>"; };
		3F40D2622BD0ED5F00F0572E /* ModelData.swift */ = {isa = PBXFileReference; lastKnownFileType = sourcecode.swift; path = ModelData.swift; sourceTree = "<group>"; };
		3F40D2672BD0EFF400F0572E /* LandmarkRow.swift */ = {isa = PBXFileReference; lastKnownFileType = sourcecode.swift; path = LandmarkRow.swift; sourceTree = "<group>"; };
		3F6147A32BD1F96E00D65463 /* LandmarkList.swift */ = {isa = PBXFileReference; lastKnownFileType = sourcecode.swift; path = LandmarkList.swift; sourceTree = "<group>"; };
		3F6147A52BD1FB5E00D65463 /* LandmarkDetail.swift */ = {isa = PBXFileReference; lastKnownFileType = sourcecode.swift; path = LandmarkDetail.swift; sourceTree = "<group>"; };
		3F6147A72BD20BB100D65463 /* FavoriteButton.swift */ = {isa = PBXFileReference; lastKnownFileType = sourcecode.swift; path = FavoriteButton.swift; sourceTree = "<group>"; };
		3F6147AB2BD2145200D65463 /* HexagonParameters.swift */ = {isa = PBXFileReference; lastKnownFileType = sourcecode.swift; path = HexagonParameters.swift; sourceTree = "<group>"; };
		3F6147AD2BD215D300D65463 /* BadgeBackground.swift */ = {isa = PBXFileReference; lastKnownFileType = sourcecode.swift; path = BadgeBackground.swift; sourceTree = "<group>"; };
		3F6147AF2BD21BE400D65463 /* BadgeSymbol.swift */ = {isa = PBXFileReference; lastKnownFileType = sourcecode.swift; path = BadgeSymbol.swift; sourceTree = "<group>"; };
		3F6147B12BD21CD200D65463 /* RotatedBadgeSymbol.swift */ = {isa = PBXFileReference; lastKnownFileType = sourcecode.swift; path = RotatedBadgeSymbol.swift; sourceTree = "<group>"; };
		3F6147B32BD21D5100D65463 /* Badge.swift */ = {isa = PBXFileReference; lastKnownFileType = sourcecode.swift; path = Badge.swift; sourceTree = "<group>"; };
		3FE0FE4D2BE46D39007E9780 /* MacLandmarks.app */ = {isa = PBXFileReference; explicitFileType = wrapper.application; includeInIndex = 0; path = MacLandmarks.app; sourceTree = BUILT_PRODUCTS_DIR; };
		3FE0FE512BE46D39007E9780 /* ContentView.swift */ = {isa = PBXFileReference; lastKnownFileType = sourcecode.swift; path = ContentView.swift; sourceTree = "<group>"; };
		3FE0FE532BE46D3B007E9780 /* Assets.xcassets */ = {isa = PBXFileReference; lastKnownFileType = folder.assetcatalog; path = Assets.xcassets; sourceTree = "<group>"; };
		3FE0FE562BE46D3B007E9780 /* Preview Assets.xcassets */ = {isa = PBXFileReference; lastKnownFileType = folder.assetcatalog; path = "Preview Assets.xcassets"; sourceTree = "<group>"; };
		3FE0FE582BE46D3B007E9780 /* MacLandmarks.entitlements */ = {isa = PBXFileReference; lastKnownFileType = text.plist.entitlements; path = MacLandmarks.entitlements; sourceTree = "<group>"; };
		3FE0FE5D2BE46D3B007E9780 /* MacLandmarksTests.xctest */ = {isa = PBXFileReference; explicitFileType = wrapper.cfbundle; includeInIndex = 0; path = MacLandmarksTests.xctest; sourceTree = BUILT_PRODUCTS_DIR; };
		3FE0FE612BE46D3B007E9780 /* MacLandmarksTests.swift */ = {isa = PBXFileReference; lastKnownFileType = sourcecode.swift; path = MacLandmarksTests.swift; sourceTree = "<group>"; };
		3FE0FE672BE46D3B007E9780 /* MacLandmarksUITests.xctest */ = {isa = PBXFileReference; explicitFileType = wrapper.cfbundle; includeInIndex = 0; path = MacLandmarksUITests.xctest; sourceTree = BUILT_PRODUCTS_DIR; };
		3FE0FE6B2BE46D3B007E9780 /* MacLandmarksUITests.swift */ = {isa = PBXFileReference; lastKnownFileType = sourcecode.swift; path = MacLandmarksUITests.swift; sourceTree = "<group>"; };
		3FE0FE6D2BE46D3B007E9780 /* MacLandmarksUITestsLaunchTests.swift */ = {isa = PBXFileReference; lastKnownFileType = sourcecode.swift; path = MacLandmarksUITestsLaunchTests.swift; sourceTree = "<group>"; };
		3FE0FE852BE46F94007E9780 /* LandmarkDetail.swift */ = {isa = PBXFileReference; lastKnownFileType = sourcecode.swift; path = LandmarkDetail.swift; sourceTree = "<group>"; };
		3FE0FE892BE47471007E9780 /* LandmarkList.swift */ = {isa = PBXFileReference; lastKnownFileType = sourcecode.swift; path = LandmarkList.swift; sourceTree = "<group>"; };
		3FE0FE8C2BE4785D007E9780 /* LandmarkCommands.swift */ = {isa = PBXFileReference; lastKnownFileType = sourcecode.swift; path = LandmarkCommands.swift; sourceTree = "<group>"; };
		3FE0FE8F2BE47C1A007E9780 /* LandmarkSettings.swift */ = {isa = PBXFileReference; lastKnownFileType = sourcecode.swift; path = LandmarkSettings.swift; sourceTree = "<group>"; };
/* End PBXFileReference section */

/* Begin PBXFrameworksBuildPhase section */
		3F1CA9D32BE35F390061E186 /* Frameworks */ = {
			isa = PBXFrameworksBuildPhase;
			buildActionMask = 2147483647;
			files = (
			);
			runOnlyForDeploymentPostprocessing = 0;
		};
		3F1CA9E22BE35F3A0061E186 /* Frameworks */ = {
			isa = PBXFrameworksBuildPhase;
			buildActionMask = 2147483647;
			files = (
			);
			runOnlyForDeploymentPostprocessing = 0;
		};
		3F1CA9EC2BE35F3A0061E186 /* Frameworks */ = {
			isa = PBXFrameworksBuildPhase;
			buildActionMask = 2147483647;
			files = (
			);
			runOnlyForDeploymentPostprocessing = 0;
		};
		3F40D22A2BD0D8C200F0572E /* Frameworks */ = {
			isa = PBXFrameworksBuildPhase;
			buildActionMask = 2147483647;
			files = (
			);
			runOnlyForDeploymentPostprocessing = 0;
		};
		3F40D23A2BD0D8C300F0572E /* Frameworks */ = {
			isa = PBXFrameworksBuildPhase;
			buildActionMask = 2147483647;
			files = (
			);
			runOnlyForDeploymentPostprocessing = 0;
		};
		3F40D2442BD0D8C300F0572E /* Frameworks */ = {
			isa = PBXFrameworksBuildPhase;
			buildActionMask = 2147483647;
			files = (
			);
			runOnlyForDeploymentPostprocessing = 0;
		};
		3FE0FE4A2BE46D39007E9780 /* Frameworks */ = {
			isa = PBXFrameworksBuildPhase;
			buildActionMask = 2147483647;
			files = (
			);
			runOnlyForDeploymentPostprocessing = 0;
		};
		3FE0FE5A2BE46D3B007E9780 /* Frameworks */ = {
			isa = PBXFrameworksBuildPhase;
			buildActionMask = 2147483647;
			files = (
			);
			runOnlyForDeploymentPostprocessing = 0;
		};
		3FE0FE642BE46D3B007E9780 /* Frameworks */ = {
			isa = PBXFrameworksBuildPhase;
			buildActionMask = 2147483647;
			files = (
			);
			runOnlyForDeploymentPostprocessing = 0;
		};
/* End PBXFrameworksBuildPhase section */

/* Begin PBXGroup section */
		3F03E4BE2BDA0E17003A8B4C /* Hikes */ = {
			isa = PBXGroup;
			children = (
				3F03E4BA2BDA0E17003A8B4C /* GraphCapsule.swift */,
				3F03E4BB2BDA0E17003A8B4C /* HikeDetail.swift */,
				3F03E4BC2BDA0E17003A8B4C /* HikeGraph.swift */,
				3F03E4BD2BDA0E17003A8B4C /* HikeView.swift */,
				3F03E4D32BDA2243003A8B4C /* HikeBadge.swift */,
			);
			path = Hikes;
			sourceTree = "<group>";
		};
		3F03E4CA2BDA1D85003A8B4C /* Categorized */ = {
			isa = PBXGroup;
			children = (
				3F03E4C32BDA1361003A8B4C /* CategoryHome.swift */,
				3F03E4C52BDA158C003A8B4C /* CategoryRow.swift */,
				3F03E4C82BDA1748003A8B4C /* CategoryItem.swift */,
			);
			path = Categorized;
			sourceTree = "<group>";
		};
		3F03E4CB2BDA1DDB003A8B4C /* Listed */ = {
			isa = PBXGroup;
			children = (
				3F6147A32BD1F96E00D65463 /* LandmarkList.swift */,
				3F40D2672BD0EFF400F0572E /* LandmarkRow.swift */,
				3F6147A52BD1FB5E00D65463 /* LandmarkDetail.swift */,
			);
			path = Listed;
			sourceTree = "<group>";
		};
		3F03E4CE2BDA1EE2003A8B4C /* Profiles */ = {
			isa = PBXGroup;
			children = (
				3F03E4CF2BDA1F03003A8B4C /* ProfileHost.swift */,
				3F03E4D12BDA1F68003A8B4C /* ProfileSummary.swift */,
				3F03E4D52BDA2629003A8B4C /* ProfileEditor.swift */,
			);
			path = Profiles;
			sourceTree = "<group>";
		};
		3F03E4D72BDA2D8C003A8B4C /* PageView */ = {
			isa = PBXGroup;
			children = (
				3F1CA9952BE356AE0061E186 /* PageView.swift */,
				3F03E4D82BDA2DA5003A8B4C /* PageViewController.swift */,
			);
			path = PageView;
			sourceTree = "<group>";
		};
		3F1CA9D72BE35F390061E186 /* WatchLandmarks Watch App */ = {
			isa = PBXGroup;
			children = (
				3F1CA9DA2BE35F390061E186 /* ContentView.swift */,
				3F1CA9DC2BE35F3A0061E186 /* Assets.xcassets */,
				3F1CA9DE2BE35F3A0061E186 /* Preview Content */,
				3F1CAA102BE362490061E186 /* LandmarkDetail.swift */,
				3F1CAA122BE364080061E186 /* NotificationView.swift */,
				3F1CAA142BE3643A0061E186 /* NotificationController.swift */,
				3F1CAA162BE3652C0061E186 /* PushNotificationPayload.apns */,
				3FE0FE892BE47471007E9780 /* LandmarkList.swift */,
			);
			path = "WatchLandmarks Watch App";
			sourceTree = "<group>";
		};
		3F1CA9DE2BE35F3A0061E186 /* Preview Content */ = {
			isa = PBXGroup;
			children = (
				3F1CA9DF2BE35F3A0061E186 /* Preview Assets.xcassets */,
			);
			path = "Preview Content";
			sourceTree = "<group>";
		};
		3F1CA9E82BE35F3A0061E186 /* WatchLandmarks Watch AppTests */ = {
			isa = PBXGroup;
			children = (
				3F1CA9E92BE35F3A0061E186 /* WatchLandmarks_Watch_AppTests.swift */,
			);
			path = "WatchLandmarks Watch AppTests";
			sourceTree = "<group>";
		};
		3F1CA9F22BE35F3A0061E186 /* WatchLandmarks Watch AppUITests */ = {
			isa = PBXGroup;
			children = (
				3F1CA9F32BE35F3A0061E186 /* WatchLandmarks_Watch_AppUITests.swift */,
				3F1CA9F52BE35F3A0061E186 /* WatchLandmarks_Watch_AppUITestsLaunchTests.swift */,
			);
			path = "WatchLandmarks Watch AppUITests";
			sourceTree = "<group>";
		};
		3F40D2242BD0D8C200F0572E = {
			isa = PBXGroup;
			children = (
				3F40D22F2BD0D8C200F0572E /* Landmarks */,
				3F40D2402BD0D8C300F0572E /* LandmarksTests */,
				3F40D24A2BD0D8C300F0572E /* LandmarksUITests */,
				3F1CA9D72BE35F390061E186 /* WatchLandmarks Watch App */,
				3F1CA9E82BE35F3A0061E186 /* WatchLandmarks Watch AppTests */,
				3F1CA9F22BE35F3A0061E186 /* WatchLandmarks Watch AppUITests */,
				3FE0FE4E2BE46D39007E9780 /* MacLandmarks */,
				3FE0FE602BE46D3B007E9780 /* MacLandmarksTests */,
				3FE0FE6A2BE46D3B007E9780 /* MacLandmarksUITests */,
				3F40D22E2BD0D8C200F0572E /* Products */,
			);
			sourceTree = "<group>";
		};
		3F40D22E2BD0D8C200F0572E /* Products */ = {
			isa = PBXGroup;
			children = (
				3F40D22D2BD0D8C200F0572E /* Landmarks.app */,
				3F40D23D2BD0D8C300F0572E /* LandmarksTests.xctest */,
				3F40D2472BD0D8C300F0572E /* LandmarksUITests.xctest */,
				3F1CA9D62BE35F390061E186 /* WatchLandmarks Watch App.app */,
				3F1CA9E52BE35F3A0061E186 /* WatchLandmarks Watch AppTests.xctest */,
				3F1CA9EF2BE35F3A0061E186 /* WatchLandmarks Watch AppUITests.xctest */,
				3FE0FE4D2BE46D39007E9780 /* MacLandmarks.app */,
				3FE0FE5D2BE46D3B007E9780 /* MacLandmarksTests.xctest */,
				3FE0FE672BE46D3B007E9780 /* MacLandmarksUITests.xctest */,
			);
			name = Products;
			sourceTree = "<group>";
		};
		3F40D22F2BD0D8C200F0572E /* Landmarks */ = {
			isa = PBXGroup;
			children = (
				3F40D2302BD0D8C200F0572E /* LandmarksApp.swift */,
				3FE0FE922BE47F04007E9780 /* Preview Content */,
				3F6147B52BD2209E00D65463 /* Badges */,
				3F40D2642BD0EF0A00F0572E /* View */,
				3F03E4CE2BDA1EE2003A8B4C /* Profiles */,
				3F40D2652BD0EF3900F0572E /* Model */,
				3F40D2662BD0EF6800F0572E /* Resources */,
				3F40D2342BD0D8C300F0572E /* Assets.xcassets */,
			);
			path = Landmarks;
			sourceTree = "<group>";
		};
		3F40D2402BD0D8C300F0572E /* LandmarksTests */ = {
			isa = PBXGroup;
			children = (
				3F40D2412BD0D8C300F0572E /* LandmarksTests.swift */,
			);
			path = LandmarksTests;
			sourceTree = "<group>";
		};
		3F40D24A2BD0D8C300F0572E /* LandmarksUITests */ = {
			isa = PBXGroup;
			children = (
				3F40D24B2BD0D8C300F0572E /* LandmarksUITests.swift */,
				3F40D24D2BD0D8C300F0572E /* LandmarksUITestsLaunchTests.swift */,
			);
			path = LandmarksUITests;
			sourceTree = "<group>";
		};
		3F40D2642BD0EF0A00F0572E /* View */ = {
			isa = PBXGroup;
			children = (
				3F40D2322BD0D8C200F0572E /* ContentView.swift */,
				3F03E4D72BDA2D8C003A8B4C /* PageView */,
				3F03E4BE2BDA0E17003A8B4C /* Hikes */,
				3F6147A92BD20CC500D65463 /* Landmarks */,
				3F6147AA2BD20CDF00D65463 /* Helper */,
			);
			path = View;
			sourceTree = "<group>";
		};
		3F40D2652BD0EF3900F0572E /* Model */ = {
			isa = PBXGroup;
			children = (
				3F03E4CC2BDA1E12003A8B4C /* Profile.swift */,
				3F40D2602BD0EA3500F0572E /* Landmark.swift */,
				3F40D2622BD0ED5F00F0572E /* ModelData.swift */,
				3F03E4B82BDA0D07003A8B4C /* Hike.swift */,
			);
			path = Model;
			sourceTree = "<group>";
		};
		3F40D2662BD0EF6800F0572E /* Resources */ = {
			isa = PBXGroup;
			children = (
				3F03E4B62BDA0CEE003A8B4C /* hikeData.json */,
				3F40D25E2BD0EA1C00F0572E /* landmarkData.json */,
			);
			path = Resources;
			sourceTree = "<group>";
		};
		3F6147A92BD20CC500D65463 /* Landmarks */ = {
			isa = PBXGroup;
			children = (
				3F03E4CA2BDA1D85003A8B4C /* Categorized */,
				3F03E4CB2BDA1DDB003A8B4C /* Listed */,
			);
			path = Landmarks;
			sourceTree = "<group>";
		};
		3F6147AA2BD20CDF00D65463 /* Helper */ = {
			isa = PBXGroup;
			children = (
				3FE0FE8F2BE47C1A007E9780 /* LandmarkSettings.swift */,
				3FE0FE8C2BE4785D007E9780 /* LandmarkCommands.swift */,
				3F03E4DA2BDA3027003A8B4C /* FeatureCard.swift */,
				3F40D25A2BD0E3FB00F0572E /* CircleImage.swift */,
				3F40D25C2BD0E50F00F0572E /* MapView.swift */,
				3F6147A72BD20BB100D65463 /* FavoriteButton.swift */,
				3F1CA9982BE35B1C0061E186 /* PageControl.swift */,
			);
			path = Helper;
			sourceTree = "<group>";
		};
		3F6147B52BD2209E00D65463 /* Badges */ = {
			isa = PBXGroup;
			children = (
				3F6147B32BD21D5100D65463 /* Badge.swift */,
				3F6147AD2BD215D300D65463 /* BadgeBackground.swift */,
				3F6147AF2BD21BE400D65463 /* BadgeSymbol.swift */,
				3F6147B12BD21CD200D65463 /* RotatedBadgeSymbol.swift */,
				3F6147AB2BD2145200D65463 /* HexagonParameters.swift */,
			);
			path = Badges;
			sourceTree = "<group>";
		};
		3FE0FE4E2BE46D39007E9780 /* MacLandmarks */ = {
			isa = PBXGroup;
			children = (
				3FE0FE512BE46D39007E9780 /* ContentView.swift */,
				3FE0FE532BE46D3B007E9780 /* Assets.xcassets */,
				3FE0FE582BE46D3B007E9780 /* MacLandmarks.entitlements */,
				3FE0FE552BE46D3B007E9780 /* Preview Content */,
				3FE0FE852BE46F94007E9780 /* LandmarkDetail.swift */,
			);
			path = MacLandmarks;
			sourceTree = "<group>";
		};
		3FE0FE552BE46D3B007E9780 /* Preview Content */ = {
			isa = PBXGroup;
			children = (
				3FE0FE562BE46D3B007E9780 /* Preview Assets.xcassets */,
			);
			path = "Preview Content";
			sourceTree = "<group>";
		};
		3FE0FE602BE46D3B007E9780 /* MacLandmarksTests */ = {
			isa = PBXGroup;
			children = (
				3FE0FE612BE46D3B007E9780 /* MacLandmarksTests.swift */,
			);
			path = MacLandmarksTests;
			sourceTree = "<group>";
		};
		3FE0FE6A2BE46D3B007E9780 /* MacLandmarksUITests */ = {
			isa = PBXGroup;
			children = (
				3FE0FE6B2BE46D3B007E9780 /* MacLandmarksUITests.swift */,
				3FE0FE6D2BE46D3B007E9780 /* MacLandmarksUITestsLaunchTests.swift */,
			);
			path = MacLandmarksUITests;
			sourceTree = "<group>";
		};
		3FE0FE922BE47F04007E9780 /* Preview Content */ = {
			isa = PBXGroup;
			children = (
			);
			path = "Preview Content";
			sourceTree = "<group>";
		};
/* End PBXGroup section */

/* Begin PBXNativeTarget section */
		3F1CA9D52BE35F390061E186 /* WatchLandmarks Watch App */ = {
			isa = PBXNativeTarget;
			buildConfigurationList = 3F1CA9FA2BE35F3A0061E186 /* Build configuration list for PBXNativeTarget "WatchLandmarks Watch App" */;
			buildPhases = (
				3F1CA9D22BE35F390061E186 /* Sources */,
				3F1CA9D32BE35F390061E186 /* Frameworks */,
				3F1CA9D42BE35F390061E186 /* Resources */,
			);
			buildRules = (
			);
			dependencies = (
			);
			name = "WatchLandmarks Watch App";
			productName = "WatchLandmarks Watch App";
			productReference = 3F1CA9D62BE35F390061E186 /* WatchLandmarks Watch App.app */;
			productType = "com.apple.product-type.application";
		};
		3F1CA9E42BE35F3A0061E186 /* WatchLandmarks Watch AppTests */ = {
			isa = PBXNativeTarget;
			buildConfigurationList = 3F1CA9FE2BE35F3A0061E186 /* Build configuration list for PBXNativeTarget "WatchLandmarks Watch AppTests" */;
			buildPhases = (
				3F1CA9E12BE35F3A0061E186 /* Sources */,
				3F1CA9E22BE35F3A0061E186 /* Frameworks */,
				3F1CA9E32BE35F3A0061E186 /* Resources */,
			);
			buildRules = (
			);
			dependencies = (
				3F1CA9E72BE35F3A0061E186 /* PBXTargetDependency */,
			);
			name = "WatchLandmarks Watch AppTests";
			productName = "WatchLandmarks Watch AppTests";
			productReference = 3F1CA9E52BE35F3A0061E186 /* WatchLandmarks Watch AppTests.xctest */;
			productType = "com.apple.product-type.bundle.unit-test";
		};
		3F1CA9EE2BE35F3A0061E186 /* WatchLandmarks Watch AppUITests */ = {
			isa = PBXNativeTarget;
			buildConfigurationList = 3F1CAA012BE35F3A0061E186 /* Build configuration list for PBXNativeTarget "WatchLandmarks Watch AppUITests" */;
			buildPhases = (
				3F1CA9EB2BE35F3A0061E186 /* Sources */,
				3F1CA9EC2BE35F3A0061E186 /* Frameworks */,
				3F1CA9ED2BE35F3A0061E186 /* Resources */,
			);
			buildRules = (
			);
			dependencies = (
				3F1CA9F12BE35F3A0061E186 /* PBXTargetDependency */,
			);
			name = "WatchLandmarks Watch AppUITests";
			productName = "WatchLandmarks Watch AppUITests";
			productReference = 3F1CA9EF2BE35F3A0061E186 /* WatchLandmarks Watch AppUITests.xctest */;
			productType = "com.apple.product-type.bundle.ui-testing";
		};
		3F40D22C2BD0D8C200F0572E /* Landmarks */ = {
			isa = PBXNativeTarget;
			buildConfigurationList = 3F40D2512BD0D8C300F0572E /* Build configuration list for PBXNativeTarget "Landmarks" */;
			buildPhases = (
				3F40D2292BD0D8C200F0572E /* Sources */,
				3F40D22A2BD0D8C200F0572E /* Frameworks */,
				3F40D22B2BD0D8C200F0572E /* Resources */,
				3F1CA9FD2BE35F3A0061E186 /* Embed Watch Content */,
			);
			buildRules = (
			);
			dependencies = (
				3F1CA9F82BE35F3A0061E186 /* PBXTargetDependency */,
			);
			name = Landmarks;
			productName = Landmarks;
			productReference = 3F40D22D2BD0D8C200F0572E /* Landmarks.app */;
			productType = "com.apple.product-type.application";
		};
		3F40D23C2BD0D8C300F0572E /* LandmarksTests */ = {
			isa = PBXNativeTarget;
			buildConfigurationList = 3F40D2542BD0D8C300F0572E /* Build configuration list for PBXNativeTarget "LandmarksTests" */;
			buildPhases = (
				3F40D2392BD0D8C300F0572E /* Sources */,
				3F40D23A2BD0D8C300F0572E /* Frameworks */,
				3F40D23B2BD0D8C300F0572E /* Resources */,
			);
			buildRules = (
			);
			dependencies = (
				3F40D23F2BD0D8C300F0572E /* PBXTargetDependency */,
			);
			name = LandmarksTests;
			productName = LandmarksTests;
			productReference = 3F40D23D2BD0D8C300F0572E /* LandmarksTests.xctest */;
			productType = "com.apple.product-type.bundle.unit-test";
		};
		3F40D2462BD0D8C300F0572E /* LandmarksUITests */ = {
			isa = PBXNativeTarget;
			buildConfigurationList = 3F40D2572BD0D8C300F0572E /* Build configuration list for PBXNativeTarget "LandmarksUITests" */;
			buildPhases = (
				3F40D2432BD0D8C300F0572E /* Sources */,
				3F40D2442BD0D8C300F0572E /* Frameworks */,
				3F40D2452BD0D8C300F0572E /* Resources */,
			);
			buildRules = (
			);
			dependencies = (
				3F40D2492BD0D8C300F0572E /* PBXTargetDependency */,
			);
			name = LandmarksUITests;
			productName = LandmarksUITests;
			productReference = 3F40D2472BD0D8C300F0572E /* LandmarksUITests.xctest */;
			productType = "com.apple.product-type.bundle.ui-testing";
		};
		3FE0FE4C2BE46D39007E9780 /* MacLandmarks */ = {
			isa = PBXNativeTarget;
			buildConfigurationList = 3FE0FE752BE46D3B007E9780 /* Build configuration list for PBXNativeTarget "MacLandmarks" */;
			buildPhases = (
				3FE0FE492BE46D39007E9780 /* Sources */,
				3FE0FE4A2BE46D39007E9780 /* Frameworks */,
				3FE0FE4B2BE46D39007E9780 /* Resources */,
			);
			buildRules = (
			);
			dependencies = (
			);
			name = MacLandmarks;
			productName = MacLandmarks;
			productReference = 3FE0FE4D2BE46D39007E9780 /* MacLandmarks.app */;
			productType = "com.apple.product-type.application";
		};
		3FE0FE5C2BE46D3B007E9780 /* MacLandmarksTests */ = {
			isa = PBXNativeTarget;
			buildConfigurationList = 3FE0FE762BE46D3B007E9780 /* Build configuration list for PBXNativeTarget "MacLandmarksTests" */;
			buildPhases = (
				3FE0FE592BE46D3B007E9780 /* Sources */,
				3FE0FE5A2BE46D3B007E9780 /* Frameworks */,
				3FE0FE5B2BE46D3B007E9780 /* Resources */,
			);
			buildRules = (
			);
			dependencies = (
				3FE0FE5F2BE46D3B007E9780 /* PBXTargetDependency */,
			);
			name = MacLandmarksTests;
			productName = MacLandmarksTests;
			productReference = 3FE0FE5D2BE46D3B007E9780 /* MacLandmarksTests.xctest */;
			productType = "com.apple.product-type.bundle.unit-test";
		};
		3FE0FE662BE46D3B007E9780 /* MacLandmarksUITests */ = {
			isa = PBXNativeTarget;
			buildConfigurationList = 3FE0FE772BE46D3B007E9780 /* Build configuration list for PBXNativeTarget "MacLandmarksUITests" */;
			buildPhases = (
				3FE0FE632BE46D3B007E9780 /* Sources */,
				3FE0FE642BE46D3B007E9780 /* Frameworks */,
				3FE0FE652BE46D3B007E9780 /* Resources */,
			);
			buildRules = (
			);
			dependencies = (
				3FE0FE692BE46D3B007E9780 /* PBXTargetDependency */,
			);
			name = MacLandmarksUITests;
			productName = MacLandmarksUITests;
			productReference = 3FE0FE672BE46D3B007E9780 /* MacLandmarksUITests.xctest */;
			productType = "com.apple.product-type.bundle.ui-testing";
		};
/* End PBXNativeTarget section */

/* Begin PBXProject section */
		3F40D2252BD0D8C200F0572E /* Project object */ = {
			isa = PBXProject;
			attributes = {
				BuildIndependentTargetsInParallel = 1;
				LastSwiftUpdateCheck = 1530;
				LastUpgradeCheck = 1530;
				TargetAttributes = {
					3F1CA9D52BE35F390061E186 = {
						CreatedOnToolsVersion = 15.3;
					};
					3F1CA9E42BE35F3A0061E186 = {
						CreatedOnToolsVersion = 15.3;
						TestTargetID = 3F1CA9D52BE35F390061E186;
					};
					3F1CA9EE2BE35F3A0061E186 = {
						CreatedOnToolsVersion = 15.3;
						TestTargetID = 3F1CA9D52BE35F390061E186;
					};
					3F40D22C2BD0D8C200F0572E = {
						CreatedOnToolsVersion = 15.3;
					};
					3F40D23C2BD0D8C300F0572E = {
						CreatedOnToolsVersion = 15.3;
						TestTargetID = 3F40D22C2BD0D8C200F0572E;
					};
					3F40D2462BD0D8C300F0572E = {
						CreatedOnToolsVersion = 15.3;
						TestTargetID = 3F40D22C2BD0D8C200F0572E;
					};
					3FE0FE4C2BE46D39007E9780 = {
						CreatedOnToolsVersion = 15.3;
					};
					3FE0FE5C2BE46D3B007E9780 = {
						CreatedOnToolsVersion = 15.3;
						TestTargetID = 3FE0FE4C2BE46D39007E9780;
					};
					3FE0FE662BE46D3B007E9780 = {
						CreatedOnToolsVersion = 15.3;
						TestTargetID = 3FE0FE4C2BE46D39007E9780;
					};
				};
			};
			buildConfigurationList = 3F40D2282BD0D8C200F0572E /* Build configuration list for PBXProject "Landmarks" */;
			compatibilityVersion = "Xcode 14.0";
			developmentRegion = en;
			hasScannedForEncodings = 0;
			knownRegions = (
				en,
				Base,
			);
			mainGroup = 3F40D2242BD0D8C200F0572E;
			productRefGroup = 3F40D22E2BD0D8C200F0572E /* Products */;
			projectDirPath = "";
			projectRoot = "";
			targets = (
				3F40D22C2BD0D8C200F0572E /* Landmarks */,
				3F40D23C2BD0D8C300F0572E /* LandmarksTests */,
				3F40D2462BD0D8C300F0572E /* LandmarksUITests */,
				3F1CA9D52BE35F390061E186 /* WatchLandmarks Watch App */,
				3F1CA9E42BE35F3A0061E186 /* WatchLandmarks Watch AppTests */,
				3F1CA9EE2BE35F3A0061E186 /* WatchLandmarks Watch AppUITests */,
				3FE0FE4C2BE46D39007E9780 /* MacLandmarks */,
				3FE0FE5C2BE46D3B007E9780 /* MacLandmarksTests */,
				3FE0FE662BE46D3B007E9780 /* MacLandmarksUITests */,
			);
		};
/* End PBXProject section */

/* Begin PBXResourcesBuildPhase section */
		3F1CA9D42BE35F390061E186 /* Resources */ = {
			isa = PBXResourcesBuildPhase;
			buildActionMask = 2147483647;
			files = (
				3F1CA9E02BE35F3A0061E186 /* Preview Assets.xcassets in Resources */,
				3F1CAA0D2BE361780061E186 /* landmarkData.json in Resources */,
				3F1CAA0E2BE361780061E186 /* hikeData.json in Resources */,
				3F1CAA0F2BE361780061E186 /* Assets.xcassets in Resources */,
				3F1CA9DD2BE35F3A0061E186 /* Assets.xcassets in Resources */,
			);
			runOnlyForDeploymentPostprocessing = 0;
		};
		3F1CA9E32BE35F3A0061E186 /* Resources */ = {
			isa = PBXResourcesBuildPhase;
			buildActionMask = 2147483647;
			files = (
			);
			runOnlyForDeploymentPostprocessing = 0;
		};
		3F1CA9ED2BE35F3A0061E186 /* Resources */ = {
			isa = PBXResourcesBuildPhase;
			buildActionMask = 2147483647;
			files = (
			);
			runOnlyForDeploymentPostprocessing = 0;
		};
		3F40D22B2BD0D8C200F0572E /* Resources */ = {
			isa = PBXResourcesBuildPhase;
			buildActionMask = 2147483647;
			files = (
				3F03E4B72BDA0CEE003A8B4C /* hikeData.json in Resources */,
				3F40D2352BD0D8C300F0572E /* Assets.xcassets in Resources */,
				3F40D25F2BD0EA1C00F0572E /* landmarkData.json in Resources */,
			);
			runOnlyForDeploymentPostprocessing = 0;
		};
		3F40D23B2BD0D8C300F0572E /* Resources */ = {
			isa = PBXResourcesBuildPhase;
			buildActionMask = 2147483647;
			files = (
			);
			runOnlyForDeploymentPostprocessing = 0;
		};
		3F40D2452BD0D8C300F0572E /* Resources */ = {
			isa = PBXResourcesBuildPhase;
			buildActionMask = 2147483647;
			files = (
			);
			runOnlyForDeploymentPostprocessing = 0;
		};
		3FE0FE4B2BE46D39007E9780 /* Resources */ = {
			isa = PBXResourcesBuildPhase;
			buildActionMask = 2147483647;
			files = (
				3FE0FE572BE46D3B007E9780 /* Preview Assets.xcassets in Resources */,
				3FE0FE822BE46DD5007E9780 /* landmarkData.json in Resources */,
				3FE0FE832BE46DD5007E9780 /* Assets.xcassets in Resources */,
				3FE0FE842BE46DD5007E9780 /* hikeData.json in Resources */,
				3FE0FE542BE46D3B007E9780 /* Assets.xcassets in Resources */,
			);
			runOnlyForDeploymentPostprocessing = 0;
		};
		3FE0FE5B2BE46D3B007E9780 /* Resources */ = {
			isa = PBXResourcesBuildPhase;
			buildActionMask = 2147483647;
			files = (
			);
			runOnlyForDeploymentPostprocessing = 0;
		};
		3FE0FE652BE46D3B007E9780 /* Resources */ = {
			isa = PBXResourcesBuildPhase;
			buildActionMask = 2147483647;
			files = (
			);
			runOnlyForDeploymentPostprocessing = 0;
		};
/* End PBXResourcesBuildPhase section */

/* Begin PBXSourcesBuildPhase section */
		3F1CA9D22BE35F390061E186 /* Sources */ = {
			isa = PBXSourcesBuildPhase;
			buildActionMask = 2147483647;
			files = (
				3F1CA9DB2BE35F390061E186 /* ContentView.swift in Sources */,
				3F1CAA042BE361780061E186 /* Hike.swift in Sources */,
				3F1CAA052BE361780061E186 /* MapView.swift in Sources */,
				3FE0FE8A2BE47471007E9780 /* LandmarkList.swift in Sources */,
				3F1CAA062BE361780061E186 /* LandmarksApp.swift in Sources */,
				3F1CAA082BE361780061E186 /* LandmarkRow.swift in Sources */,
				3F1CAA092BE361780061E186 /* Landmark.swift in Sources */,
				3F1CAA0A2BE361780061E186 /* Profile.swift in Sources */,
				3F1CAA0B2BE361780061E186 /* CircleImage.swift in Sources */,
				3F1CAA152BE3643A0061E186 /* NotificationController.swift in Sources */,
				3F1CAA0C2BE361780061E186 /* ModelData.swift in Sources */,
				3F1CAA112BE362490061E186 /* LandmarkDetail.swift in Sources */,
				3F1CAA132BE364080061E186 /* NotificationView.swift in Sources */,
			);
			runOnlyForDeploymentPostprocessing = 0;
		};
		3F1CA9E12BE35F3A0061E186 /* Sources */ = {
			isa = PBXSourcesBuildPhase;
			buildActionMask = 2147483647;
			files = (
				3F1CA9EA2BE35F3A0061E186 /* WatchLandmarks_Watch_AppTests.swift in Sources */,
			);
			runOnlyForDeploymentPostprocessing = 0;
		};
		3F1CA9EB2BE35F3A0061E186 /* Sources */ = {
			isa = PBXSourcesBuildPhase;
			buildActionMask = 2147483647;
			files = (
				3F1CA9F62BE35F3A0061E186 /* WatchLandmarks_Watch_AppUITestsLaunchTests.swift in Sources */,
				3F1CA9F42BE35F3A0061E186 /* WatchLandmarks_Watch_AppUITests.swift in Sources */,
			);
			runOnlyForDeploymentPostprocessing = 0;
		};
		3F40D2292BD0D8C200F0572E /* Sources */ = {
			isa = PBXSourcesBuildPhase;
			buildActionMask = 2147483647;
			files = (
				3F03E4C62BDA158C003A8B4C /* CategoryRow.swift in Sources */,
				3F03E4DB2BDA3027003A8B4C /* FeatureCard.swift in Sources */,
				3FE0FE8D2BE4785D007E9780 /* LandmarkCommands.swift in Sources */,
				3F03E4CD2BDA1E12003A8B4C /* Profile.swift in Sources */,
				3F40D2332BD0D8C200F0572E /* ContentView.swift in Sources */,
				3F03E4C42BDA1361003A8B4C /* CategoryHome.swift in Sources */,
				3F6147B42BD21D5100D65463 /* Badge.swift in Sources */,
				3F40D25D2BD0E50F00F0572E /* MapView.swift in Sources */,
				3F03E4BF2BDA0E17003A8B4C /* GraphCapsule.swift in Sources */,
				3F03E4C12BDA0E17003A8B4C /* HikeGraph.swift in Sources */,
				3F40D2312BD0D8C200F0572E /* LandmarksApp.swift in Sources */,
				3F1CA9992BE35B1C0061E186 /* PageControl.swift in Sources */,
				3F6147A82BD20BB100D65463 /* FavoriteButton.swift in Sources */,
				3F03E4C92BDA1748003A8B4C /* CategoryItem.swift in Sources */,
				3F6147AC2BD2145200D65463 /* HexagonParameters.swift in Sources */,
				3F03E4D22BDA1F68003A8B4C /* ProfileSummary.swift in Sources */,
				3F03E4B92BDA0D07003A8B4C /* Hike.swift in Sources */,
				3F03E4D02BDA1F03003A8B4C /* ProfileHost.swift in Sources */,
				3F6147B22BD21CD200D65463 /* RotatedBadgeSymbol.swift in Sources */,
				3F6147B02BD21BE400D65463 /* BadgeSymbol.swift in Sources */,
				3FE0FE902BE47C1A007E9780 /* LandmarkSettings.swift in Sources */,
				3F1CA9962BE356AE0061E186 /* PageView.swift in Sources */,
				3F6147A42BD1F96E00D65463 /* LandmarkList.swift in Sources */,
				3F03E4D62BDA2629003A8B4C /* ProfileEditor.swift in Sources */,
				3F03E4C02BDA0E17003A8B4C /* HikeDetail.swift in Sources */,
				3F03E4C22BDA0E17003A8B4C /* HikeView.swift in Sources */,
				3F6147A62BD1FB5E00D65463 /* LandmarkDetail.swift in Sources */,
				3F03E4D92BDA2DA5003A8B4C /* PageViewController.swift in Sources */,
				3F40D25B2BD0E3FB00F0572E /* CircleImage.swift in Sources */,
				3F03E4D42BDA2243003A8B4C /* HikeBadge.swift in Sources */,
				3F40D2612BD0EA3500F0572E /* Landmark.swift in Sources */,
				3F6147AE2BD215D300D65463 /* BadgeBackground.swift in Sources */,
				3F40D2682BD0EFF400F0572E /* LandmarkRow.swift in Sources */,
				3F40D2632BD0ED5F00F0572E /* ModelData.swift in Sources */,
			);
			runOnlyForDeploymentPostprocessing = 0;
		};
		3F40D2392BD0D8C300F0572E /* Sources */ = {
			isa = PBXSourcesBuildPhase;
			buildActionMask = 2147483647;
			files = (
				3F40D2422BD0D8C300F0572E /* LandmarksTests.swift in Sources */,
			);
			runOnlyForDeploymentPostprocessing = 0;
		};
		3F40D2432BD0D8C300F0572E /* Sources */ = {
			isa = PBXSourcesBuildPhase;
			buildActionMask = 2147483647;
			files = (
				3F40D24E2BD0D8C300F0572E /* LandmarksUITestsLaunchTests.swift in Sources */,
				3F40D24C2BD0D8C300F0572E /* LandmarksUITests.swift in Sources */,
			);
			runOnlyForDeploymentPostprocessing = 0;
		};
		3FE0FE492BE46D39007E9780 /* Sources */ = {
			isa = PBXSourcesBuildPhase;
			buildActionMask = 2147483647;
			files = (
				3FE0FE782BE46DD5007E9780 /* Hike.swift in Sources */,
				3FE0FE792BE46DD5007E9780 /* LandmarkRow.swift in Sources */,
				3FE0FE912BE47C1A007E9780 /* LandmarkSettings.swift in Sources */,
				3FE0FE7A2BE46DD5007E9780 /* Landmark.swift in Sources */,
				3FE0FE7B2BE46DD5007E9780 /* CircleImage.swift in Sources */,
				3FE0FE8E2BE4785D007E9780 /* LandmarkCommands.swift in Sources */,
				3FE0FE862BE46F94007E9780 /* LandmarkDetail.swift in Sources */,
				3FE0FE7C2BE46DD5007E9780 /* LandmarksApp.swift in Sources */,
				3FE0FE7D2BE46DD5007E9780 /* Profile.swift in Sources */,
				3FE0FE8B2BE474FA007E9780 /* LandmarkList.swift in Sources */,
				3FE0FE7E2BE46DD5007E9780 /* MapView.swift in Sources */,
				3FE0FE7F2BE46DD5007E9780 /* FavoriteButton.swift in Sources */,
				3FE0FE812BE46DD5007E9780 /* ModelData.swift in Sources */,
				3FE0FE522BE46D39007E9780 /* ContentView.swift in Sources */,
			);
			runOnlyForDeploymentPostprocessing = 0;
		};
		3FE0FE592BE46D3B007E9780 /* Sources */ = {
			isa = PBXSourcesBuildPhase;
			buildActionMask = 2147483647;
			files = (
				3FE0FE622BE46D3B007E9780 /* MacLandmarksTests.swift in Sources */,
			);
			runOnlyForDeploymentPostprocessing = 0;
		};
		3FE0FE632BE46D3B007E9780 /* Sources */ = {
			isa = PBXSourcesBuildPhase;
			buildActionMask = 2147483647;
			files = (
				3FE0FE6E2BE46D3B007E9780 /* MacLandmarksUITestsLaunchTests.swift in Sources */,
				3FE0FE6C2BE46D3B007E9780 /* MacLandmarksUITests.swift in Sources */,
			);
			runOnlyForDeploymentPostprocessing = 0;
		};
/* End PBXSourcesBuildPhase section */

/* Begin PBXTargetDependency section */
		3F1CA9E72BE35F3A0061E186 /* PBXTargetDependency */ = {
			isa = PBXTargetDependency;
			target = 3F1CA9D52BE35F390061E186 /* WatchLandmarks Watch App */;
			targetProxy = 3F1CA9E62BE35F3A0061E186 /* PBXContainerItemProxy */;
		};
		3F1CA9F12BE35F3A0061E186 /* PBXTargetDependency */ = {
			isa = PBXTargetDependency;
			target = 3F1CA9D52BE35F390061E186 /* WatchLandmarks Watch App */;
			targetProxy = 3F1CA9F02BE35F3A0061E186 /* PBXContainerItemProxy */;
		};
		3F1CA9F82BE35F3A0061E186 /* PBXTargetDependency */ = {
			isa = PBXTargetDependency;
			target = 3F1CA9D52BE35F390061E186 /* WatchLandmarks Watch App */;
			targetProxy = 3F1CA9F72BE35F3A0061E186 /* PBXContainerItemProxy */;
		};
		3F40D23F2BD0D8C300F0572E /* PBXTargetDependency */ = {
			isa = PBXTargetDependency;
			target = 3F40D22C2BD0D8C200F0572E /* Landmarks */;
			targetProxy = 3F40D23E2BD0D8C300F0572E /* PBXContainerItemProxy */;
		};
		3F40D2492BD0D8C300F0572E /* PBXTargetDependency */ = {
			isa = PBXTargetDependency;
			target = 3F40D22C2BD0D8C200F0572E /* Landmarks */;
			targetProxy = 3F40D2482BD0D8C300F0572E /* PBXContainerItemProxy */;
		};
		3FE0FE5F2BE46D3B007E9780 /* PBXTargetDependency */ = {
			isa = PBXTargetDependency;
			target = 3FE0FE4C2BE46D39007E9780 /* MacLandmarks */;
			targetProxy = 3FE0FE5E2BE46D3B007E9780 /* PBXContainerItemProxy */;
		};
		3FE0FE692BE46D3B007E9780 /* PBXTargetDependency */ = {
			isa = PBXTargetDependency;
			target = 3FE0FE4C2BE46D39007E9780 /* MacLandmarks */;
			targetProxy = 3FE0FE682BE46D3B007E9780 /* PBXContainerItemProxy */;
		};
/* End PBXTargetDependency section */

/* Begin XCBuildConfiguration section */
		3F1CA9FB2BE35F3A0061E186 /* Debug */ = {
			isa = XCBuildConfiguration;
			buildSettings = {
				ASSETCATALOG_COMPILER_APPICON_NAME = AppIcon;
				ASSETCATALOG_COMPILER_GLOBAL_ACCENT_COLOR_NAME = AccentColor;
				CODE_SIGN_STYLE = Automatic;
				CURRENT_PROJECT_VERSION = 1;
				DEVELOPMENT_ASSET_PATHS = "\"WatchLandmarks Watch App/Preview Content\"";
				ENABLE_PREVIEWS = YES;
				GENERATE_INFOPLIST_FILE = YES;
				INFOPLIST_KEY_CFBundleDisplayName = WatchLandmarks;
				INFOPLIST_KEY_UISupportedInterfaceOrientations = "UIInterfaceOrientationPortrait UIInterfaceOrientationPortraitUpsideDown";
				INFOPLIST_KEY_WKCompanionAppBundleIdentifier = StevenGonawan.Landmarks;
				INFOPLIST_KEY_WKRunsIndependentlyOfCompanionApp = YES;
				LD_RUNPATH_SEARCH_PATHS = (
					"$(inherited)",
					"@executable_path/Frameworks",
				);
				MARKETING_VERSION = 1.0;
				PRODUCT_BUNDLE_IDENTIFIER = StevenGonawan.Landmarks.watchkitapp;
				PRODUCT_NAME = "$(TARGET_NAME)";
				SDKROOT = watchos;
				SKIP_INSTALL = YES;
				SWIFT_EMIT_LOC_STRINGS = YES;
				SWIFT_VERSION = 5.0;
				TARGETED_DEVICE_FAMILY = 4;
				WATCHOS_DEPLOYMENT_TARGET = 10.0;
			};
			name = Debug;
		};
		3F1CA9FC2BE35F3A0061E186 /* Release */ = {
			isa = XCBuildConfiguration;
			buildSettings = {
				ASSETCATALOG_COMPILER_APPICON_NAME = AppIcon;
				ASSETCATALOG_COMPILER_GLOBAL_ACCENT_COLOR_NAME = AccentColor;
				CODE_SIGN_STYLE = Automatic;
				CURRENT_PROJECT_VERSION = 1;
				DEVELOPMENT_ASSET_PATHS = "\"WatchLandmarks Watch App/Preview Content\"";
				ENABLE_PREVIEWS = YES;
				GENERATE_INFOPLIST_FILE = YES;
				INFOPLIST_KEY_CFBundleDisplayName = WatchLandmarks;
				INFOPLIST_KEY_UISupportedInterfaceOrientations = "UIInterfaceOrientationPortrait UIInterfaceOrientationPortraitUpsideDown";
				INFOPLIST_KEY_WKCompanionAppBundleIdentifier = StevenGonawan.Landmarks;
				INFOPLIST_KEY_WKRunsIndependentlyOfCompanionApp = YES;
				LD_RUNPATH_SEARCH_PATHS = (
					"$(inherited)",
					"@executable_path/Frameworks",
				);
				MARKETING_VERSION = 1.0;
				PRODUCT_BUNDLE_IDENTIFIER = StevenGonawan.Landmarks.watchkitapp;
				PRODUCT_NAME = "$(TARGET_NAME)";
				SDKROOT = watchos;
				SKIP_INSTALL = YES;
				SWIFT_EMIT_LOC_STRINGS = YES;
				SWIFT_VERSION = 5.0;
				TARGETED_DEVICE_FAMILY = 4;
				WATCHOS_DEPLOYMENT_TARGET = 10.0;
			};
			name = Release;
		};
		3F1CA9FF2BE35F3A0061E186 /* Debug */ = {
			isa = XCBuildConfiguration;
			buildSettings = {
				ALWAYS_EMBED_SWIFT_STANDARD_LIBRARIES = YES;
				BUNDLE_LOADER = "$(TEST_HOST)";
				CODE_SIGN_STYLE = Automatic;
				CURRENT_PROJECT_VERSION = 1;
				GENERATE_INFOPLIST_FILE = YES;
				MARKETING_VERSION = 1.0;
				PRODUCT_BUNDLE_IDENTIFIER = "StevenGonawan.WatchLandmarks-Watch-AppTests";
				PRODUCT_NAME = "$(TARGET_NAME)";
				SDKROOT = watchos;
				SWIFT_EMIT_LOC_STRINGS = NO;
				SWIFT_VERSION = 5.0;
				TARGETED_DEVICE_FAMILY = 4;
				TEST_HOST = "$(BUILT_PRODUCTS_DIR)/WatchLandmarks Watch App.app/$(BUNDLE_EXECUTABLE_FOLDER_PATH)/WatchLandmarks Watch App";
				WATCHOS_DEPLOYMENT_TARGET = 10.4;
			};
			name = Debug;
		};
		3F1CAA002BE35F3A0061E186 /* Release */ = {
			isa = XCBuildConfiguration;
			buildSettings = {
				ALWAYS_EMBED_SWIFT_STANDARD_LIBRARIES = YES;
				BUNDLE_LOADER = "$(TEST_HOST)";
				CODE_SIGN_STYLE = Automatic;
				CURRENT_PROJECT_VERSION = 1;
				GENERATE_INFOPLIST_FILE = YES;
				MARKETING_VERSION = 1.0;
				PRODUCT_BUNDLE_IDENTIFIER = "StevenGonawan.WatchLandmarks-Watch-AppTests";
				PRODUCT_NAME = "$(TARGET_NAME)";
				SDKROOT = watchos;
				SWIFT_EMIT_LOC_STRINGS = NO;
				SWIFT_VERSION = 5.0;
				TARGETED_DEVICE_FAMILY = 4;
				TEST_HOST = "$(BUILT_PRODUCTS_DIR)/WatchLandmarks Watch App.app/$(BUNDLE_EXECUTABLE_FOLDER_PATH)/WatchLandmarks Watch App";
				WATCHOS_DEPLOYMENT_TARGET = 10.4;
			};
			name = Release;
		};
		3F1CAA022BE35F3A0061E186 /* Debug */ = {
			isa = XCBuildConfiguration;
			buildSettings = {
				ALWAYS_EMBED_SWIFT_STANDARD_LIBRARIES = YES;
				CODE_SIGN_STYLE = Automatic;
				CURRENT_PROJECT_VERSION = 1;
				GENERATE_INFOPLIST_FILE = YES;
				MARKETING_VERSION = 1.0;
				PRODUCT_BUNDLE_IDENTIFIER = "StevenGonawan.WatchLandmarks-Watch-AppUITests";
				PRODUCT_NAME = "$(TARGET_NAME)";
				SDKROOT = watchos;
				SWIFT_EMIT_LOC_STRINGS = NO;
				SWIFT_VERSION = 5.0;
				TARGETED_DEVICE_FAMILY = 4;
				TEST_TARGET_NAME = "WatchLandmarks Watch App";
				WATCHOS_DEPLOYMENT_TARGET = 10.4;
			};
			name = Debug;
		};
		3F1CAA032BE35F3A0061E186 /* Release */ = {
			isa = XCBuildConfiguration;
			buildSettings = {
				ALWAYS_EMBED_SWIFT_STANDARD_LIBRARIES = YES;
				CODE_SIGN_STYLE = Automatic;
				CURRENT_PROJECT_VERSION = 1;
				GENERATE_INFOPLIST_FILE = YES;
				MARKETING_VERSION = 1.0;
				PRODUCT_BUNDLE_IDENTIFIER = "StevenGonawan.WatchLandmarks-Watch-AppUITests";
				PRODUCT_NAME = "$(TARGET_NAME)";
				SDKROOT = watchos;
				SWIFT_EMIT_LOC_STRINGS = NO;
				SWIFT_VERSION = 5.0;
				TARGETED_DEVICE_FAMILY = 4;
				TEST_TARGET_NAME = "WatchLandmarks Watch App";
				WATCHOS_DEPLOYMENT_TARGET = 10.4;
			};
			name = Release;
		};
		3F40D24F2BD0D8C300F0572E /* Debug */ = {
			isa = XCBuildConfiguration;
			buildSettings = {
				ALWAYS_SEARCH_USER_PATHS = NO;
				ASSETCATALOG_COMPILER_GENERATE_SWIFT_ASSET_SYMBOL_EXTENSIONS = YES;
				CLANG_ANALYZER_NONNULL = YES;
				CLANG_ANALYZER_NUMBER_OBJECT_CONVERSION = YES_AGGRESSIVE;
				CLANG_CXX_LANGUAGE_STANDARD = "gnu++20";
				CLANG_ENABLE_MODULES = YES;
				CLANG_ENABLE_OBJC_ARC = YES;
				CLANG_ENABLE_OBJC_WEAK = YES;
				CLANG_WARN_BLOCK_CAPTURE_AUTORELEASING = YES;
				CLANG_WARN_BOOL_CONVERSION = YES;
				CLANG_WARN_COMMA = YES;
				CLANG_WARN_CONSTANT_CONVERSION = YES;
				CLANG_WARN_DEPRECATED_OBJC_IMPLEMENTATIONS = YES;
				CLANG_WARN_DIRECT_OBJC_ISA_USAGE = YES_ERROR;
				CLANG_WARN_DOCUMENTATION_COMMENTS = YES;
				CLANG_WARN_EMPTY_BODY = YES;
				CLANG_WARN_ENUM_CONVERSION = YES;
				CLANG_WARN_INFINITE_RECURSION = YES;
				CLANG_WARN_INT_CONVERSION = YES;
				CLANG_WARN_NON_LITERAL_NULL_CONVERSION = YES;
				CLANG_WARN_OBJC_IMPLICIT_RETAIN_SELF = YES;
				CLANG_WARN_OBJC_LITERAL_CONVERSION = YES;
				CLANG_WARN_OBJC_ROOT_CLASS = YES_ERROR;
				CLANG_WARN_QUOTED_INCLUDE_IN_FRAMEWORK_HEADER = YES;
				CLANG_WARN_RANGE_LOOP_ANALYSIS = YES;
				CLANG_WARN_STRICT_PROTOTYPES = YES;
				CLANG_WARN_SUSPICIOUS_MOVE = YES;
				CLANG_WARN_UNGUARDED_AVAILABILITY = YES_AGGRESSIVE;
				CLANG_WARN_UNREACHABLE_CODE = YES;
				CLANG_WARN__DUPLICATE_METHOD_MATCH = YES;
				COPY_PHASE_STRIP = NO;
				DEBUG_INFORMATION_FORMAT = dwarf;
				ENABLE_STRICT_OBJC_MSGSEND = YES;
				ENABLE_TESTABILITY = YES;
				ENABLE_USER_SCRIPT_SANDBOXING = YES;
				GCC_C_LANGUAGE_STANDARD = gnu17;
				GCC_DYNAMIC_NO_PIC = NO;
				GCC_NO_COMMON_BLOCKS = YES;
				GCC_OPTIMIZATION_LEVEL = 0;
				GCC_PREPROCESSOR_DEFINITIONS = (
					"DEBUG=1",
					"$(inherited)",
				);
				GCC_WARN_64_TO_32_BIT_CONVERSION = YES;
				GCC_WARN_ABOUT_RETURN_TYPE = YES_ERROR;
				GCC_WARN_UNDECLARED_SELECTOR = YES;
				GCC_WARN_UNINITIALIZED_AUTOS = YES_AGGRESSIVE;
				GCC_WARN_UNUSED_FUNCTION = YES;
				GCC_WARN_UNUSED_VARIABLE = YES;
				IPHONEOS_DEPLOYMENT_TARGET = 17.4;
				LOCALIZATION_PREFERS_STRING_CATALOGS = YES;
				MTL_ENABLE_DEBUG_INFO = INCLUDE_SOURCE;
				MTL_FAST_MATH = YES;
				ONLY_ACTIVE_ARCH = YES;
				SDKROOT = iphoneos;
				SWIFT_ACTIVE_COMPILATION_CONDITIONS = "DEBUG $(inherited)";
				SWIFT_OPTIMIZATION_LEVEL = "-Onone";
			};
			name = Debug;
		};
		3F40D2502BD0D8C300F0572E /* Release */ = {
			isa = XCBuildConfiguration;
			buildSettings = {
				ALWAYS_SEARCH_USER_PATHS = NO;
				ASSETCATALOG_COMPILER_GENERATE_SWIFT_ASSET_SYMBOL_EXTENSIONS = YES;
				CLANG_ANALYZER_NONNULL = YES;
				CLANG_ANALYZER_NUMBER_OBJECT_CONVERSION = YES_AGGRESSIVE;
				CLANG_CXX_LANGUAGE_STANDARD = "gnu++20";
				CLANG_ENABLE_MODULES = YES;
				CLANG_ENABLE_OBJC_ARC = YES;
				CLANG_ENABLE_OBJC_WEAK = YES;
				CLANG_WARN_BLOCK_CAPTURE_AUTORELEASING = YES;
				CLANG_WARN_BOOL_CONVERSION = YES;
				CLANG_WARN_COMMA = YES;
				CLANG_WARN_CONSTANT_CONVERSION = YES;
				CLANG_WARN_DEPRECATED_OBJC_IMPLEMENTATIONS = YES;
				CLANG_WARN_DIRECT_OBJC_ISA_USAGE = YES_ERROR;
				CLANG_WARN_DOCUMENTATION_COMMENTS = YES;
				CLANG_WARN_EMPTY_BODY = YES;
				CLANG_WARN_ENUM_CONVERSION = YES;
				CLANG_WARN_INFINITE_RECURSION = YES;
				CLANG_WARN_INT_CONVERSION = YES;
				CLANG_WARN_NON_LITERAL_NULL_CONVERSION = YES;
				CLANG_WARN_OBJC_IMPLICIT_RETAIN_SELF = YES;
				CLANG_WARN_OBJC_LITERAL_CONVERSION = YES;
				CLANG_WARN_OBJC_ROOT_CLASS = YES_ERROR;
				CLANG_WARN_QUOTED_INCLUDE_IN_FRAMEWORK_HEADER = YES;
				CLANG_WARN_RANGE_LOOP_ANALYSIS = YES;
				CLANG_WARN_STRICT_PROTOTYPES = YES;
				CLANG_WARN_SUSPICIOUS_MOVE = YES;
				CLANG_WARN_UNGUARDED_AVAILABILITY = YES_AGGRESSIVE;
				CLANG_WARN_UNREACHABLE_CODE = YES;
				CLANG_WARN__DUPLICATE_METHOD_MATCH = YES;
				COPY_PHASE_STRIP = NO;
				DEBUG_INFORMATION_FORMAT = "dwarf-with-dsym";
				ENABLE_NS_ASSERTIONS = NO;
				ENABLE_STRICT_OBJC_MSGSEND = YES;
				ENABLE_USER_SCRIPT_SANDBOXING = YES;
				GCC_C_LANGUAGE_STANDARD = gnu17;
				GCC_NO_COMMON_BLOCKS = YES;
				GCC_WARN_64_TO_32_BIT_CONVERSION = YES;
				GCC_WARN_ABOUT_RETURN_TYPE = YES_ERROR;
				GCC_WARN_UNDECLARED_SELECTOR = YES;
				GCC_WARN_UNINITIALIZED_AUTOS = YES_AGGRESSIVE;
				GCC_WARN_UNUSED_FUNCTION = YES;
				GCC_WARN_UNUSED_VARIABLE = YES;
				IPHONEOS_DEPLOYMENT_TARGET = 17.4;
				LOCALIZATION_PREFERS_STRING_CATALOGS = YES;
				MTL_ENABLE_DEBUG_INFO = NO;
				MTL_FAST_MATH = YES;
				SDKROOT = iphoneos;
				SWIFT_COMPILATION_MODE = wholemodule;
				VALIDATE_PRODUCT = YES;
			};
			name = Release;
		};
		3F40D2522BD0D8C300F0572E /* Debug */ = {
			isa = XCBuildConfiguration;
			buildSettings = {
				ALWAYS_EMBED_SWIFT_STANDARD_LIBRARIES = YES;
				ASSETCATALOG_COMPILER_APPICON_NAME = AppIcon;
				ASSETCATALOG_COMPILER_GLOBAL_ACCENT_COLOR_NAME = AccentColor;
				CODE_SIGN_STYLE = Automatic;
				CURRENT_PROJECT_VERSION = 1;
				DEVELOPMENT_ASSET_PATHS = "\"Landmarks/Preview Content\"";
				ENABLE_PREVIEWS = YES;
				GENERATE_INFOPLIST_FILE = YES;
				INFOPLIST_KEY_UIApplicationSceneManifest_Generation = YES;
				INFOPLIST_KEY_UIApplicationSupportsIndirectInputEvents = YES;
				INFOPLIST_KEY_UILaunchScreen_Generation = YES;
				INFOPLIST_KEY_UISupportedInterfaceOrientations_iPad = "UIInterfaceOrientationPortrait UIInterfaceOrientationPortraitUpsideDown UIInterfaceOrientationLandscapeLeft UIInterfaceOrientationLandscapeRight";
				INFOPLIST_KEY_UISupportedInterfaceOrientations_iPhone = "UIInterfaceOrientationPortrait UIInterfaceOrientationLandscapeLeft UIInterfaceOrientationLandscapeRight";
				LD_RUNPATH_SEARCH_PATHS = (
					"$(inherited)",
					"@executable_path/Frameworks",
				);
				MARKETING_VERSION = 1.0;
				PRODUCT_BUNDLE_IDENTIFIER = StevenGonawan.Landmarks;
				PRODUCT_NAME = "$(TARGET_NAME)";
				SWIFT_EMIT_LOC_STRINGS = YES;
				SWIFT_VERSION = 5.0;
				TARGETED_DEVICE_FAMILY = "1,2";
			};
			name = Debug;
		};
		3F40D2532BD0D8C300F0572E /* Release */ = {
			isa = XCBuildConfiguration;
			buildSettings = {
				ALWAYS_EMBED_SWIFT_STANDARD_LIBRARIES = YES;
				ASSETCATALOG_COMPILER_APPICON_NAME = AppIcon;
				ASSETCATALOG_COMPILER_GLOBAL_ACCENT_COLOR_NAME = AccentColor;
				CODE_SIGN_STYLE = Automatic;
				CURRENT_PROJECT_VERSION = 1;
				DEVELOPMENT_ASSET_PATHS = "\"Landmarks/Preview Content\"";
				ENABLE_PREVIEWS = YES;
				GENERATE_INFOPLIST_FILE = YES;
				INFOPLIST_KEY_UIApplicationSceneManifest_Generation = YES;
				INFOPLIST_KEY_UIApplicationSupportsIndirectInputEvents = YES;
				INFOPLIST_KEY_UILaunchScreen_Generation = YES;
				INFOPLIST_KEY_UISupportedInterfaceOrientations_iPad = "UIInterfaceOrientationPortrait UIInterfaceOrientationPortraitUpsideDown UIInterfaceOrientationLandscapeLeft UIInterfaceOrientationLandscapeRight";
				INFOPLIST_KEY_UISupportedInterfaceOrientations_iPhone = "UIInterfaceOrientationPortrait UIInterfaceOrientationLandscapeLeft UIInterfaceOrientationLandscapeRight";
				LD_RUNPATH_SEARCH_PATHS = (
					"$(inherited)",
					"@executable_path/Frameworks",
				);
				MARKETING_VERSION = 1.0;
				PRODUCT_BUNDLE_IDENTIFIER = StevenGonawan.Landmarks;
				PRODUCT_NAME = "$(TARGET_NAME)";
				SWIFT_EMIT_LOC_STRINGS = YES;
				SWIFT_VERSION = 5.0;
				TARGETED_DEVICE_FAMILY = "1,2";
			};
			name = Release;
		};
		3F40D2552BD0D8C300F0572E /* Debug */ = {
			isa = XCBuildConfiguration;
			buildSettings = {
				ALWAYS_EMBED_SWIFT_STANDARD_LIBRARIES = YES;
				BUNDLE_LOADER = "$(TEST_HOST)";
				CODE_SIGN_STYLE = Automatic;
				CURRENT_PROJECT_VERSION = 1;
				GENERATE_INFOPLIST_FILE = YES;
				IPHONEOS_DEPLOYMENT_TARGET = 17.4;
				MARKETING_VERSION = 1.0;
				PRODUCT_BUNDLE_IDENTIFIER = StevenGonawan.LandmarksTests;
				PRODUCT_NAME = "$(TARGET_NAME)";
				SWIFT_EMIT_LOC_STRINGS = NO;
				SWIFT_VERSION = 5.0;
				TARGETED_DEVICE_FAMILY = "1,2";
				TEST_HOST = "$(BUILT_PRODUCTS_DIR)/Landmarks.app/$(BUNDLE_EXECUTABLE_FOLDER_PATH)/Landmarks";
			};
			name = Debug;
		};
		3F40D2562BD0D8C300F0572E /* Release */ = {
			isa = XCBuildConfiguration;
			buildSettings = {
				ALWAYS_EMBED_SWIFT_STANDARD_LIBRARIES = YES;
				BUNDLE_LOADER = "$(TEST_HOST)";
				CODE_SIGN_STYLE = Automatic;
				CURRENT_PROJECT_VERSION = 1;
				GENERATE_INFOPLIST_FILE = YES;
				IPHONEOS_DEPLOYMENT_TARGET = 17.4;
				MARKETING_VERSION = 1.0;
				PRODUCT_BUNDLE_IDENTIFIER = StevenGonawan.LandmarksTests;
				PRODUCT_NAME = "$(TARGET_NAME)";
				SWIFT_EMIT_LOC_STRINGS = NO;
				SWIFT_VERSION = 5.0;
				TARGETED_DEVICE_FAMILY = "1,2";
				TEST_HOST = "$(BUILT_PRODUCTS_DIR)/Landmarks.app/$(BUNDLE_EXECUTABLE_FOLDER_PATH)/Landmarks";
			};
			name = Release;
		};
		3F40D2582BD0D8C300F0572E /* Debug */ = {
			isa = XCBuildConfiguration;
			buildSettings = {
				ALWAYS_EMBED_SWIFT_STANDARD_LIBRARIES = YES;
				CODE_SIGN_STYLE = Automatic;
				CURRENT_PROJECT_VERSION = 1;
				GENERATE_INFOPLIST_FILE = YES;
				MARKETING_VERSION = 1.0;
				PRODUCT_BUNDLE_IDENTIFIER = StevenGonawan.LandmarksUITests;
				PRODUCT_NAME = "$(TARGET_NAME)";
				SWIFT_EMIT_LOC_STRINGS = NO;
				SWIFT_VERSION = 5.0;
				TARGETED_DEVICE_FAMILY = "1,2";
				TEST_TARGET_NAME = Landmarks;
			};
			name = Debug;
		};
		3F40D2592BD0D8C300F0572E /* Release */ = {
			isa = XCBuildConfiguration;
			buildSettings = {
				ALWAYS_EMBED_SWIFT_STANDARD_LIBRARIES = YES;
				CODE_SIGN_STYLE = Automatic;
				CURRENT_PROJECT_VERSION = 1;
				GENERATE_INFOPLIST_FILE = YES;
				MARKETING_VERSION = 1.0;
				PRODUCT_BUNDLE_IDENTIFIER = StevenGonawan.LandmarksUITests;
				PRODUCT_NAME = "$(TARGET_NAME)";
				SWIFT_EMIT_LOC_STRINGS = NO;
				SWIFT_VERSION = 5.0;
				TARGETED_DEVICE_FAMILY = "1,2";
				TEST_TARGET_NAME = Landmarks;
			};
			name = Release;
		};
		3FE0FE6F2BE46D3B007E9780 /* Debug */ = {
			isa = XCBuildConfiguration;
			buildSettings = {
				ASSETCATALOG_COMPILER_APPICON_NAME = AppIcon;
				ASSETCATALOG_COMPILER_GLOBAL_ACCENT_COLOR_NAME = AccentColor;
				CODE_SIGN_ENTITLEMENTS = MacLandmarks/MacLandmarks.entitlements;
				CODE_SIGN_STYLE = Automatic;
				COMBINE_HIDPI_IMAGES = YES;
				CURRENT_PROJECT_VERSION = 1;
				DEVELOPMENT_ASSET_PATHS = "\"MacLandmarks/Preview Content\"";
				ENABLE_PREVIEWS = YES;
				GENERATE_INFOPLIST_FILE = YES;
				INFOPLIST_KEY_NSHumanReadableCopyright = "";
				LD_RUNPATH_SEARCH_PATHS = (
					"$(inherited)",
					"@executable_path/../Frameworks",
				);
				MACOSX_DEPLOYMENT_TARGET = 14.4;
				MARKETING_VERSION = 1.0;
				PRODUCT_BUNDLE_IDENTIFIER = StevenGonawan.MacLandmarks;
				PRODUCT_NAME = "$(TARGET_NAME)";
				SDKROOT = macosx;
				SWIFT_EMIT_LOC_STRINGS = YES;
				SWIFT_VERSION = 5.0;
			};
			name = Debug;
		};
		3FE0FE702BE46D3B007E9780 /* Release */ = {
			isa = XCBuildConfiguration;
			buildSettings = {
				ASSETCATALOG_COMPILER_APPICON_NAME = AppIcon;
				ASSETCATALOG_COMPILER_GLOBAL_ACCENT_COLOR_NAME = AccentColor;
				CODE_SIGN_ENTITLEMENTS = MacLandmarks/MacLandmarks.entitlements;
				CODE_SIGN_STYLE = Automatic;
				COMBINE_HIDPI_IMAGES = YES;
				CURRENT_PROJECT_VERSION = 1;
				DEVELOPMENT_ASSET_PATHS = "\"MacLandmarks/Preview Content\"";
				ENABLE_PREVIEWS = YES;
				GENERATE_INFOPLIST_FILE = YES;
				INFOPLIST_KEY_NSHumanReadableCopyright = "";
				LD_RUNPATH_SEARCH_PATHS = (
					"$(inherited)",
					"@executable_path/../Frameworks",
				);
				MACOSX_DEPLOYMENT_TARGET = 14.4;
				MARKETING_VERSION = 1.0;
				PRODUCT_BUNDLE_IDENTIFIER = StevenGonawan.MacLandmarks;
				PRODUCT_NAME = "$(TARGET_NAME)";
				SDKROOT = macosx;
				SWIFT_EMIT_LOC_STRINGS = YES;
				SWIFT_VERSION = 5.0;
			};
			name = Release;
		};
		3FE0FE712BE46D3B007E9780 /* Debug */ = {
			isa = XCBuildConfiguration;
			buildSettings = {
				ALWAYS_EMBED_SWIFT_STANDARD_LIBRARIES = YES;
				BUNDLE_LOADER = "$(TEST_HOST)";
				CODE_SIGN_STYLE = Automatic;
				CURRENT_PROJECT_VERSION = 1;
				GENERATE_INFOPLIST_FILE = YES;
				MACOSX_DEPLOYMENT_TARGET = 14.4;
				MARKETING_VERSION = 1.0;
				PRODUCT_BUNDLE_IDENTIFIER = StevenGonawan.MacLandmarksTests;
				PRODUCT_NAME = "$(TARGET_NAME)";
				SDKROOT = macosx;
				SWIFT_EMIT_LOC_STRINGS = NO;
				SWIFT_VERSION = 5.0;
				TEST_HOST = "$(BUILT_PRODUCTS_DIR)/MacLandmarks.app/$(BUNDLE_EXECUTABLE_FOLDER_PATH)/MacLandmarks";
			};
			name = Debug;
		};
		3FE0FE722BE46D3B007E9780 /* Release */ = {
			isa = XCBuildConfiguration;
			buildSettings = {
				ALWAYS_EMBED_SWIFT_STANDARD_LIBRARIES = YES;
				BUNDLE_LOADER = "$(TEST_HOST)";
				CODE_SIGN_STYLE = Automatic;
				CURRENT_PROJECT_VERSION = 1;
				GENERATE_INFOPLIST_FILE = YES;
				MACOSX_DEPLOYMENT_TARGET = 14.4;
				MARKETING_VERSION = 1.0;
				PRODUCT_BUNDLE_IDENTIFIER = StevenGonawan.MacLandmarksTests;
				PRODUCT_NAME = "$(TARGET_NAME)";
				SDKROOT = macosx;
				SWIFT_EMIT_LOC_STRINGS = NO;
				SWIFT_VERSION = 5.0;
				TEST_HOST = "$(BUILT_PRODUCTS_DIR)/MacLandmarks.app/$(BUNDLE_EXECUTABLE_FOLDER_PATH)/MacLandmarks";
			};
			name = Release;
		};
		3FE0FE732BE46D3B007E9780 /* Debug */ = {
			isa = XCBuildConfiguration;
			buildSettings = {
				ALWAYS_EMBED_SWIFT_STANDARD_LIBRARIES = YES;
				CODE_SIGN_STYLE = Automatic;
				CURRENT_PROJECT_VERSION = 1;
				GENERATE_INFOPLIST_FILE = YES;
				MACOSX_DEPLOYMENT_TARGET = 14.4;
				MARKETING_VERSION = 1.0;
				PRODUCT_BUNDLE_IDENTIFIER = StevenGonawan.MacLandmarksUITests;
				PRODUCT_NAME = "$(TARGET_NAME)";
				SDKROOT = macosx;
				SWIFT_EMIT_LOC_STRINGS = NO;
				SWIFT_VERSION = 5.0;
				TEST_TARGET_NAME = MacLandmarks;
			};
			name = Debug;
		};
		3FE0FE742BE46D3B007E9780 /* Release */ = {
			isa = XCBuildConfiguration;
			buildSettings = {
				ALWAYS_EMBED_SWIFT_STANDARD_LIBRARIES = YES;
				CODE_SIGN_STYLE = Automatic;
				CURRENT_PROJECT_VERSION = 1;
				GENERATE_INFOPLIST_FILE = YES;
				MACOSX_DEPLOYMENT_TARGET = 14.4;
				MARKETING_VERSION = 1.0;
				PRODUCT_BUNDLE_IDENTIFIER = StevenGonawan.MacLandmarksUITests;
				PRODUCT_NAME = "$(TARGET_NAME)";
				SDKROOT = macosx;
				SWIFT_EMIT_LOC_STRINGS = NO;
				SWIFT_VERSION = 5.0;
				TEST_TARGET_NAME = MacLandmarks;
			};
			name = Release;
		};
/* End XCBuildConfiguration section */

/* Begin XCConfigurationList section */
		3F1CA9FA2BE35F3A0061E186 /* Build configuration list for PBXNativeTarget "WatchLandmarks Watch App" */ = {
			isa = XCConfigurationList;
			buildConfigurations = (
				3F1CA9FB2BE35F3A0061E186 /* Debug */,
				3F1CA9FC2BE35F3A0061E186 /* Release */,
			);
			defaultConfigurationIsVisible = 0;
			defaultConfigurationName = Release;
		};
		3F1CA9FE2BE35F3A0061E186 /* Build configuration list for PBXNativeTarget "WatchLandmarks Watch AppTests" */ = {
			isa = XCConfigurationList;
			buildConfigurations = (
				3F1CA9FF2BE35F3A0061E186 /* Debug */,
				3F1CAA002BE35F3A0061E186 /* Release */,
			);
			defaultConfigurationIsVisible = 0;
			defaultConfigurationName = Release;
		};
		3F1CAA012BE35F3A0061E186 /* Build configuration list for PBXNativeTarget "WatchLandmarks Watch AppUITests" */ = {
			isa = XCConfigurationList;
			buildConfigurations = (
				3F1CAA022BE35F3A0061E186 /* Debug */,
				3F1CAA032BE35F3A0061E186 /* Release */,
			);
			defaultConfigurationIsVisible = 0;
			defaultConfigurationName = Release;
		};
		3F40D2282BD0D8C200F0572E /* Build configuration list for PBXProject "Landmarks" */ = {
			isa = XCConfigurationList;
			buildConfigurations = (
				3F40D24F2BD0D8C300F0572E /* Debug */,
				3F40D2502BD0D8C300F0572E /* Release */,
			);
			defaultConfigurationIsVisible = 0;
			defaultConfigurationName = Release;
		};
		3F40D2512BD0D8C300F0572E /* Build configuration list for PBXNativeTarget "Landmarks" */ = {
			isa = XCConfigurationList;
			buildConfigurations = (
				3F40D2522BD0D8C300F0572E /* Debug */,
				3F40D2532BD0D8C300F0572E /* Release */,
			);
			defaultConfigurationIsVisible = 0;
			defaultConfigurationName = Release;
		};
		3F40D2542BD0D8C300F0572E /* Build configuration list for PBXNativeTarget "LandmarksTests" */ = {
			isa = XCConfigurationList;
			buildConfigurations = (
				3F40D2552BD0D8C300F0572E /* Debug */,
				3F40D2562BD0D8C300F0572E /* Release */,
			);
			defaultConfigurationIsVisible = 0;
			defaultConfigurationName = Release;
		};
		3F40D2572BD0D8C300F0572E /* Build configuration list for PBXNativeTarget "LandmarksUITests" */ = {
			isa = XCConfigurationList;
			buildConfigurations = (
				3F40D2582BD0D8C300F0572E /* Debug */,
				3F40D2592BD0D8C300F0572E /* Release */,
			);
			defaultConfigurationIsVisible = 0;
			defaultConfigurationName = Release;
		};
		3FE0FE752BE46D3B007E9780 /* Build configuration list for PBXNativeTarget "MacLandmarks" */ = {
			isa = XCConfigurationList;
			buildConfigurations = (
				3FE0FE6F2BE46D3B007E9780 /* Debug */,
				3FE0FE702BE46D3B007E9780 /* Release */,
			);
			defaultConfigurationIsVisible = 0;
			defaultConfigurationName = Release;
		};
		3FE0FE762BE46D3B007E9780 /* Build configuration list for PBXNativeTarget "MacLandmarksTests" */ = {
			isa = XCConfigurationList;
			buildConfigurations = (
				3FE0FE712BE46D3B007E9780 /* Debug */,
				3FE0FE722BE46D3B007E9780 /* Release */,
			);
			defaultConfigurationIsVisible = 0;
			defaultConfigurationName = Release;
		};
		3FE0FE772BE46D3B007E9780 /* Build configuration list for PBXNativeTarget "MacLandmarksUITests" */ = {
			isa = XCConfigurationList;
			buildConfigurations = (
				3FE0FE732BE46D3B007E9780 /* Debug */,
				3FE0FE742BE46D3B007E9780 /* Release */,
			);
			defaultConfigurationIsVisible = 0;
			defaultConfigurationName = Release;
		};
/* End XCConfigurationList section */
	};
	rootObject = 3F40D2252BD0D8C200F0572E /* Project object */;
}
